// !$*UTF8*$!
{
	archiveVersion = 1;
	classes = {
	};
	objectVersion = 51;
	objects = {

/* Begin PBXBuildFile section */
		56F2C782A064FF5BA4D3DFB8 /* Pods_LOL.framework in Frameworks */ = {isa = PBXBuildFile; fileRef = 880A5F01EDBC8822CCBA2A53 /* Pods_LOL.framework */; };
		FB141C742302035F001956B8 /* Core.framework in Frameworks */ = {isa = PBXBuildFile; fileRef = FB141C732302035F001956B8 /* Core.framework */; };
		FB141C752302035F001956B8 /* Core.framework in Embed Frameworks */ = {isa = PBXBuildFile; fileRef = FB141C732302035F001956B8 /* Core.framework */; settings = {ATTRIBUTES = (CodeSignOnCopy, RemoveHeadersOnCopy, ); }; };
		FB354D7723007818003A6407 /* AppDelegate.swift in Sources */ = {isa = PBXBuildFile; fileRef = FB354D7623007818003A6407 /* AppDelegate.swift */; };
		FB354D7E23007818003A6407 /* Assets.xcassets in Resources */ = {isa = PBXBuildFile; fileRef = FB354D7D23007818003A6407 /* Assets.xcassets */; };
		FB354D8123007818003A6407 /* LaunchScreen.storyboard in Resources */ = {isa = PBXBuildFile; fileRef = FB354D7F23007818003A6407 /* LaunchScreen.storyboard */; };
		FB3E89C72300C9AC00275C12 /* Localizable.strings in Resources */ = {isa = PBXBuildFile; fileRef = FB3E89C32300C9AC00275C12 /* Localizable.strings */; };
		FB3E89C82300C9AC00275C12 /* InfoPlist.strings in Resources */ = {isa = PBXBuildFile; fileRef = FB3E89C52300C9AC00275C12 /* InfoPlist.strings */; };
		FBE0FC892327FFD0005278AD /* GoogleService-Info.plist in Resources */ = {isa = PBXBuildFile; fileRef = FBE0FC882327FFD0005278AD /* GoogleService-Info.plist */; };
/* End PBXBuildFile section */

/* Begin PBXCopyFilesBuildPhase section */
		FB141C762302035F001956B8 /* Embed Frameworks */ = {
			isa = PBXCopyFilesBuildPhase;
			buildActionMask = 2147483647;
			dstPath = "";
			dstSubfolderSpec = 10;
			files = (
				FB141C752302035F001956B8 /* Core.framework in Embed Frameworks */,
			);
			name = "Embed Frameworks";
			runOnlyForDeploymentPostprocessing = 0;
		};
/* End PBXCopyFilesBuildPhase section */

/* Begin PBXFileReference section */
		0407AE1977359449563E0CEE /* Pods-LOL.debug.xcconfig */ = {isa = PBXFileReference; includeInIndex = 1; lastKnownFileType = text.xcconfig; name = "Pods-LOL.debug.xcconfig"; path = "../../Pods/Target Support Files/Pods-LOL/Pods-LOL.debug.xcconfig"; sourceTree = "<group>"; };
		880A5F01EDBC8822CCBA2A53 /* Pods_LOL.framework */ = {isa = PBXFileReference; explicitFileType = wrapper.framework; includeInIndex = 0; path = Pods_LOL.framework; sourceTree = BUILT_PRODUCTS_DIR; };
		C6EF69C5707AD41C3628804A /* Pods-LOL.release.xcconfig */ = {isa = PBXFileReference; includeInIndex = 1; lastKnownFileType = text.xcconfig; name = "Pods-LOL.release.xcconfig"; path = "../../Pods/Target Support Files/Pods-LOL/Pods-LOL.release.xcconfig"; sourceTree = "<group>"; };
		FB141C732302035F001956B8 /* Core.framework */ = {isa = PBXFileReference; explicitFileType = wrapper.framework; path = Core.framework; sourceTree = BUILT_PRODUCTS_DIR; };
		FB3037902327C670002A9E05 /* es */ = {isa = PBXFileReference; lastKnownFileType = text.plist.strings; name = es; path = es.lproj/LaunchScreen.strings; sourceTree = "<group>"; };
		FB3037912327C670002A9E05 /* es */ = {isa = PBXFileReference; lastKnownFileType = text.plist.strings; name = es; path = es.lproj/InfoPlist.strings; sourceTree = "<group>"; };
		FB3037922327C670002A9E05 /* es */ = {isa = PBXFileReference; lastKnownFileType = text.plist.strings; name = es; path = es.lproj/Localizable.strings; sourceTree = "<group>"; };
		FB3037932327C675002A9E05 /* en-GB */ = {isa = PBXFileReference; lastKnownFileType = text.plist.strings; name = "en-GB"; path = "en-GB.lproj/LaunchScreen.strings"; sourceTree = "<group>"; };
		FB3037942327C675002A9E05 /* en-GB */ = {isa = PBXFileReference; lastKnownFileType = text.plist.strings; name = "en-GB"; path = "en-GB.lproj/InfoPlist.strings"; sourceTree = "<group>"; };
		FB3037952327C675002A9E05 /* en-GB */ = {isa = PBXFileReference; lastKnownFileType = text.plist.strings; name = "en-GB"; path = "en-GB.lproj/Localizable.strings"; sourceTree = "<group>"; };
		FB3037962327C678002A9E05 /* en-IN */ = {isa = PBXFileReference; lastKnownFileType = text.plist.strings; name = "en-IN"; path = "en-IN.lproj/LaunchScreen.strings"; sourceTree = "<group>"; };
		FB3037972327C678002A9E05 /* en-IN */ = {isa = PBXFileReference; lastKnownFileType = text.plist.strings; name = "en-IN"; path = "en-IN.lproj/InfoPlist.strings"; sourceTree = "<group>"; };
		FB3037982327C678002A9E05 /* en-IN */ = {isa = PBXFileReference; lastKnownFileType = text.plist.strings; name = "en-IN"; path = "en-IN.lproj/Localizable.strings"; sourceTree = "<group>"; };
		FB3037992327C67C002A9E05 /* en-AU */ = {isa = PBXFileReference; lastKnownFileType = text.plist.strings; name = "en-AU"; path = "en-AU.lproj/LaunchScreen.strings"; sourceTree = "<group>"; };
		FB30379A2327C67C002A9E05 /* en-AU */ = {isa = PBXFileReference; lastKnownFileType = text.plist.strings; name = "en-AU"; path = "en-AU.lproj/InfoPlist.strings"; sourceTree = "<group>"; };
		FB30379B2327C67C002A9E05 /* en-AU */ = {isa = PBXFileReference; lastKnownFileType = text.plist.strings; name = "en-AU"; path = "en-AU.lproj/Localizable.strings"; sourceTree = "<group>"; };
		FB30379C2327C67F002A9E05 /* zh-Hant */ = {isa = PBXFileReference; lastKnownFileType = text.plist.strings; name = "zh-Hant"; path = "zh-Hant.lproj/LaunchScreen.strings"; sourceTree = "<group>"; };
		FB30379D2327C680002A9E05 /* zh-Hant */ = {isa = PBXFileReference; lastKnownFileType = text.plist.strings; name = "zh-Hant"; path = "zh-Hant.lproj/InfoPlist.strings"; sourceTree = "<group>"; };
		FB30379E2327C680002A9E05 /* zh-Hant */ = {isa = PBXFileReference; lastKnownFileType = text.plist.strings; name = "zh-Hant"; path = "zh-Hant.lproj/Localizable.strings"; sourceTree = "<group>"; };
		FB30379F2327C683002A9E05 /* zh-HK */ = {isa = PBXFileReference; lastKnownFileType = text.plist.strings; name = "zh-HK"; path = "zh-HK.lproj/LaunchScreen.strings"; sourceTree = "<group>"; };
		FB3037A02327C683002A9E05 /* zh-HK */ = {isa = PBXFileReference; lastKnownFileType = text.plist.strings; name = "zh-HK"; path = "zh-HK.lproj/InfoPlist.strings"; sourceTree = "<group>"; };
		FB3037A12327C683002A9E05 /* zh-HK */ = {isa = PBXFileReference; lastKnownFileType = text.plist.strings; name = "zh-HK"; path = "zh-HK.lproj/Localizable.strings"; sourceTree = "<group>"; };
		FB3037A22327C688002A9E05 /* pt-BR */ = {isa = PBXFileReference; lastKnownFileType = text.plist.strings; name = "pt-BR"; path = "pt-BR.lproj/LaunchScreen.strings"; sourceTree = "<group>"; };
		FB3037A32327C688002A9E05 /* pt-BR */ = {isa = PBXFileReference; lastKnownFileType = text.plist.strings; name = "pt-BR"; path = "pt-BR.lproj/InfoPlist.strings"; sourceTree = "<group>"; };
		FB3037A42327C688002A9E05 /* pt-BR */ = {isa = PBXFileReference; lastKnownFileType = text.plist.strings; name = "pt-BR"; path = "pt-BR.lproj/Localizable.strings"; sourceTree = "<group>"; };
		FB3037A52327C68B002A9E05 /* fr-CA */ = {isa = PBXFileReference; lastKnownFileType = text.plist.strings; name = "fr-CA"; path = "fr-CA.lproj/LaunchScreen.strings"; sourceTree = "<group>"; };
		FB3037A62327C68B002A9E05 /* fr-CA */ = {isa = PBXFileReference; lastKnownFileType = text.plist.strings; name = "fr-CA"; path = "fr-CA.lproj/InfoPlist.strings"; sourceTree = "<group>"; };
		FB3037A72327C68B002A9E05 /* fr-CA */ = {isa = PBXFileReference; lastKnownFileType = text.plist.strings; name = "fr-CA"; path = "fr-CA.lproj/Localizable.strings"; sourceTree = "<group>"; };
		FB3037A82327C68F002A9E05 /* ko */ = {isa = PBXFileReference; lastKnownFileType = text.plist.strings; name = ko; path = ko.lproj/LaunchScreen.strings; sourceTree = "<group>"; };
		FB3037A92327C68F002A9E05 /* ko */ = {isa = PBXFileReference; lastKnownFileType = text.plist.strings; name = ko; path = ko.lproj/InfoPlist.strings; sourceTree = "<group>"; };
		FB3037AA2327C68F002A9E05 /* ko */ = {isa = PBXFileReference; lastKnownFileType = text.plist.strings; name = ko; path = ko.lproj/Localizable.strings; sourceTree = "<group>"; };
		FB3037AB2327C692002A9E05 /* ar */ = {isa = PBXFileReference; lastKnownFileType = text.plist.strings; name = ar; path = ar.lproj/LaunchScreen.strings; sourceTree = "<group>"; };
		FB3037AC2327C692002A9E05 /* ar */ = {isa = PBXFileReference; lastKnownFileType = text.plist.strings; name = ar; path = ar.lproj/InfoPlist.strings; sourceTree = "<group>"; };
		FB3037AD2327C692002A9E05 /* ar */ = {isa = PBXFileReference; lastKnownFileType = text.plist.strings; name = ar; path = ar.lproj/Localizable.strings; sourceTree = "<group>"; };
		FB3037AE2327C696002A9E05 /* sv */ = {isa = PBXFileReference; lastKnownFileType = text.plist.strings; name = sv; path = sv.lproj/LaunchScreen.strings; sourceTree = "<group>"; };
		FB3037AF2327C696002A9E05 /* sv */ = {isa = PBXFileReference; lastKnownFileType = text.plist.strings; name = sv; path = sv.lproj/InfoPlist.strings; sourceTree = "<group>"; };
		FB3037B02327C696002A9E05 /* sv */ = {isa = PBXFileReference; lastKnownFileType = text.plist.strings; name = sv; path = sv.lproj/Localizable.strings; sourceTree = "<group>"; };
		FB3037B12327C69A002A9E05 /* da */ = {isa = PBXFileReference; lastKnownFileType = text.plist.strings; name = da; path = da.lproj/LaunchScreen.strings; sourceTree = "<group>"; };
		FB3037B22327C69A002A9E05 /* da */ = {isa = PBXFileReference; lastKnownFileType = text.plist.strings; name = da; path = da.lproj/InfoPlist.strings; sourceTree = "<group>"; };
		FB3037B32327C69A002A9E05 /* da */ = {isa = PBXFileReference; lastKnownFileType = text.plist.strings; name = da; path = da.lproj/Localizable.strings; sourceTree = "<group>"; };
		FB3037B42327C69E002A9E05 /* vi */ = {isa = PBXFileReference; lastKnownFileType = text.plist.strings; name = vi; path = vi.lproj/LaunchScreen.strings; sourceTree = "<group>"; };
		FB3037B52327C69E002A9E05 /* vi */ = {isa = PBXFileReference; lastKnownFileType = text.plist.strings; name = vi; path = vi.lproj/InfoPlist.strings; sourceTree = "<group>"; };
		FB3037B62327C69E002A9E05 /* vi */ = {isa = PBXFileReference; lastKnownFileType = text.plist.strings; name = vi; path = vi.lproj/Localizable.strings; sourceTree = "<group>"; };
		FB3037B72327C6A1002A9E05 /* nb */ = {isa = PBXFileReference; lastKnownFileType = text.plist.strings; name = nb; path = nb.lproj/LaunchScreen.strings; sourceTree = "<group>"; };
		FB3037B82327C6A1002A9E05 /* nb */ = {isa = PBXFileReference; lastKnownFileType = text.plist.strings; name = nb; path = nb.lproj/InfoPlist.strings; sourceTree = "<group>"; };
		FB3037B92327C6A1002A9E05 /* nb */ = {isa = PBXFileReference; lastKnownFileType = text.plist.strings; name = nb; path = nb.lproj/Localizable.strings; sourceTree = "<group>"; };
		FB3037BA2327C6A5002A9E05 /* fi */ = {isa = PBXFileReference; lastKnownFileType = text.plist.strings; name = fi; path = fi.lproj/LaunchScreen.strings; sourceTree = "<group>"; };
		FB3037BB2327C6A5002A9E05 /* fi */ = {isa = PBXFileReference; lastKnownFileType = text.plist.strings; name = fi; path = fi.lproj/InfoPlist.strings; sourceTree = "<group>"; };
		FB3037BC2327C6A5002A9E05 /* fi */ = {isa = PBXFileReference; lastKnownFileType = text.plist.strings; name = fi; path = fi.lproj/Localizable.strings; sourceTree = "<group>"; };
		FB3037BD2327C6A9002A9E05 /* id */ = {isa = PBXFileReference; lastKnownFileType = text.plist.strings; name = id; path = id.lproj/LaunchScreen.strings; sourceTree = "<group>"; };
		FB3037BE2327C6A9002A9E05 /* id */ = {isa = PBXFileReference; lastKnownFileType = text.plist.strings; name = id; path = id.lproj/InfoPlist.strings; sourceTree = "<group>"; };
		FB3037BF2327C6AA002A9E05 /* id */ = {isa = PBXFileReference; lastKnownFileType = text.plist.strings; name = id; path = id.lproj/Localizable.strings; sourceTree = "<group>"; };
		FB3037C02327C6AD002A9E05 /* el */ = {isa = PBXFileReference; lastKnownFileType = text.plist.strings; name = el; path = el.lproj/LaunchScreen.strings; sourceTree = "<group>"; };
		FB3037C12327C6AD002A9E05 /* el */ = {isa = PBXFileReference; lastKnownFileType = text.plist.strings; name = el; path = el.lproj/InfoPlist.strings; sourceTree = "<group>"; };
		FB3037C22327C6AD002A9E05 /* el */ = {isa = PBXFileReference; lastKnownFileType = text.plist.strings; name = el; path = el.lproj/Localizable.strings; sourceTree = "<group>"; };
		FB3037C32327C6B2002A9E05 /* cs */ = {isa = PBXFileReference; lastKnownFileType = text.plist.strings; name = cs; path = cs.lproj/LaunchScreen.strings; sourceTree = "<group>"; };
		FB3037C42327C6B2002A9E05 /* cs */ = {isa = PBXFileReference; lastKnownFileType = text.plist.strings; name = cs; path = cs.lproj/InfoPlist.strings; sourceTree = "<group>"; };
		FB3037C52327C6B2002A9E05 /* cs */ = {isa = PBXFileReference; lastKnownFileType = text.plist.strings; name = cs; path = cs.lproj/Localizable.strings; sourceTree = "<group>"; };
		FB3037C62327C6B6002A9E05 /* sk */ = {isa = PBXFileReference; lastKnownFileType = text.plist.strings; name = sk; path = sk.lproj/LaunchScreen.strings; sourceTree = "<group>"; };
		FB3037C72327C6B6002A9E05 /* sk */ = {isa = PBXFileReference; lastKnownFileType = text.plist.strings; name = sk; path = sk.lproj/InfoPlist.strings; sourceTree = "<group>"; };
		FB3037C82327C6B6002A9E05 /* sk */ = {isa = PBXFileReference; lastKnownFileType = text.plist.strings; name = sk; path = sk.lproj/Localizable.strings; sourceTree = "<group>"; };
		FB3037C92327C6BA002A9E05 /* uk */ = {isa = PBXFileReference; lastKnownFileType = text.plist.strings; name = uk; path = uk.lproj/LaunchScreen.strings; sourceTree = "<group>"; };
		FB3037CA2327C6BA002A9E05 /* uk */ = {isa = PBXFileReference; lastKnownFileType = text.plist.strings; name = uk; path = uk.lproj/InfoPlist.strings; sourceTree = "<group>"; };
		FB3037CB2327C6BA002A9E05 /* uk */ = {isa = PBXFileReference; lastKnownFileType = text.plist.strings; name = uk; path = uk.lproj/Localizable.strings; sourceTree = "<group>"; };
		FB3037CC2327C6BE002A9E05 /* hi */ = {isa = PBXFileReference; lastKnownFileType = text.plist.strings; name = hi; path = hi.lproj/LaunchScreen.strings; sourceTree = "<group>"; };
		FB3037CD2327C6BE002A9E05 /* hi */ = {isa = PBXFileReference; lastKnownFileType = text.plist.strings; name = hi; path = hi.lproj/InfoPlist.strings; sourceTree = "<group>"; };
		FB3037CE2327C6BE002A9E05 /* hi */ = {isa = PBXFileReference; lastKnownFileType = text.plist.strings; name = hi; path = hi.lproj/Localizable.strings; sourceTree = "<group>"; };
		FB354D7323007818003A6407 /* LOL.app */ = {isa = PBXFileReference; explicitFileType = wrapper.application; includeInIndex = 0; path = LOL.app; sourceTree = BUILT_PRODUCTS_DIR; };
		FB354D7623007818003A6407 /* AppDelegate.swift */ = {isa = PBXFileReference; lastKnownFileType = sourcecode.swift; path = AppDelegate.swift; sourceTree = "<group>"; };
		FB354D7D23007818003A6407 /* Assets.xcassets */ = {isa = PBXFileReference; lastKnownFileType = folder.assetcatalog; path = Assets.xcassets; sourceTree = "<group>"; };
		FB354D8023007818003A6407 /* Base */ = {isa = PBXFileReference; lastKnownFileType = file.storyboard; name = Base; path = Base.lproj/LaunchScreen.storyboard; sourceTree = "<group>"; };
		FB354D8223007818003A6407 /* Info.plist */ = {isa = PBXFileReference; lastKnownFileType = text.plist.xml; path = Info.plist; sourceTree = "<group>"; };
		FB3E89C42300C9AC00275C12 /* Base */ = {isa = PBXFileReference; lastKnownFileType = text.plist.strings; name = Base; path = Base.lproj/Localizable.strings; sourceTree = "<group>"; };
		FB3E89C62300C9AC00275C12 /* Base */ = {isa = PBXFileReference; lastKnownFileType = text.plist.strings; name = Base; path = Base.lproj/InfoPlist.strings; sourceTree = "<group>"; };
		FB3E89CA2300CA1F00275C12 /* tr */ = {isa = PBXFileReference; lastKnownFileType = text.plist.strings; name = tr; path = tr.lproj/LaunchScreen.strings; sourceTree = "<group>"; };
		FB3E89CB2300CA1F00275C12 /* tr */ = {isa = PBXFileReference; lastKnownFileType = text.plist.strings; name = tr; path = tr.lproj/Localizable.strings; sourceTree = "<group>"; };
		FB3E89CC2300CA1F00275C12 /* tr */ = {isa = PBXFileReference; lastKnownFileType = text.plist.strings; name = tr; path = tr.lproj/InfoPlist.strings; sourceTree = "<group>"; };
		FB3E89D02300CA2B00275C12 /* es-419 */ = {isa = PBXFileReference; lastKnownFileType = text.plist.strings; name = "es-419"; path = "es-419.lproj/LaunchScreen.strings"; sourceTree = "<group>"; };
		FB3E89D12300CA2B00275C12 /* es-419 */ = {isa = PBXFileReference; lastKnownFileType = text.plist.strings; name = "es-419"; path = "es-419.lproj/Localizable.strings"; sourceTree = "<group>"; };
		FB3E89D22300CA2B00275C12 /* es-419 */ = {isa = PBXFileReference; lastKnownFileType = text.plist.strings; name = "es-419"; path = "es-419.lproj/InfoPlist.strings"; sourceTree = "<group>"; };
		FB3E89D32300CA2F00275C12 /* zh-Hans */ = {isa = PBXFileReference; lastKnownFileType = text.plist.strings; name = "zh-Hans"; path = "zh-Hans.lproj/LaunchScreen.strings"; sourceTree = "<group>"; };
		FB3E89D42300CA2F00275C12 /* zh-Hans */ = {isa = PBXFileReference; lastKnownFileType = text.plist.strings; name = "zh-Hans"; path = "zh-Hans.lproj/Localizable.strings"; sourceTree = "<group>"; };
		FB3E89D52300CA2F00275C12 /* zh-Hans */ = {isa = PBXFileReference; lastKnownFileType = text.plist.strings; name = "zh-Hans"; path = "zh-Hans.lproj/InfoPlist.strings"; sourceTree = "<group>"; };
		FB3E89D62300CA3300275C12 /* ja */ = {isa = PBXFileReference; lastKnownFileType = text.plist.strings; name = ja; path = ja.lproj/LaunchScreen.strings; sourceTree = "<group>"; };
		FB3E89D72300CA3300275C12 /* ja */ = {isa = PBXFileReference; lastKnownFileType = text.plist.strings; name = ja; path = ja.lproj/Localizable.strings; sourceTree = "<group>"; };
		FB3E89D82300CA3300275C12 /* ja */ = {isa = PBXFileReference; lastKnownFileType = text.plist.strings; name = ja; path = ja.lproj/InfoPlist.strings; sourceTree = "<group>"; };
		FB3E89D92300CA3700275C12 /* fr */ = {isa = PBXFileReference; lastKnownFileType = text.plist.strings; name = fr; path = fr.lproj/LaunchScreen.strings; sourceTree = "<group>"; };
		FB3E89DA2300CA3700275C12 /* fr */ = {isa = PBXFileReference; lastKnownFileType = text.plist.strings; name = fr; path = fr.lproj/Localizable.strings; sourceTree = "<group>"; };
		FB3E89DB2300CA3700275C12 /* fr */ = {isa = PBXFileReference; lastKnownFileType = text.plist.strings; name = fr; path = fr.lproj/InfoPlist.strings; sourceTree = "<group>"; };
		FB3E89DC2300CA3B00275C12 /* de */ = {isa = PBXFileReference; lastKnownFileType = text.plist.strings; name = de; path = de.lproj/LaunchScreen.strings; sourceTree = "<group>"; };
		FB3E89DD2300CA3B00275C12 /* de */ = {isa = PBXFileReference; lastKnownFileType = text.plist.strings; name = de; path = de.lproj/Localizable.strings; sourceTree = "<group>"; };
		FB3E89DE2300CA3B00275C12 /* de */ = {isa = PBXFileReference; lastKnownFileType = text.plist.strings; name = de; path = de.lproj/InfoPlist.strings; sourceTree = "<group>"; };
		FB3E89DF2300CA4100275C12 /* ru */ = {isa = PBXFileReference; lastKnownFileType = text.plist.strings; name = ru; path = ru.lproj/LaunchScreen.strings; sourceTree = "<group>"; };
		FB3E89E02300CA4100275C12 /* ru */ = {isa = PBXFileReference; lastKnownFileType = text.plist.strings; name = ru; path = ru.lproj/Localizable.strings; sourceTree = "<group>"; };
		FB3E89E12300CA4100275C12 /* ru */ = {isa = PBXFileReference; lastKnownFileType = text.plist.strings; name = ru; path = ru.lproj/InfoPlist.strings; sourceTree = "<group>"; };
		FB3E89E52300CA4900275C12 /* it */ = {isa = PBXFileReference; lastKnownFileType = text.plist.strings; name = it; path = it.lproj/LaunchScreen.strings; sourceTree = "<group>"; };
		FB3E89E62300CA4900275C12 /* it */ = {isa = PBXFileReference; lastKnownFileType = text.plist.strings; name = it; path = it.lproj/Localizable.strings; sourceTree = "<group>"; };
		FB3E89E72300CA4900275C12 /* it */ = {isa = PBXFileReference; lastKnownFileType = text.plist.strings; name = it; path = it.lproj/InfoPlist.strings; sourceTree = "<group>"; };
		FB3E89EB2300CA6500275C12 /* nl */ = {isa = PBXFileReference; lastKnownFileType = text.plist.strings; name = nl; path = nl.lproj/LaunchScreen.strings; sourceTree = "<group>"; };
		FB3E89EC2300CA6500275C12 /* nl */ = {isa = PBXFileReference; lastKnownFileType = text.plist.strings; name = nl; path = nl.lproj/Localizable.strings; sourceTree = "<group>"; };
		FB3E89ED2300CA6500275C12 /* nl */ = {isa = PBXFileReference; lastKnownFileType = text.plist.strings; name = nl; path = nl.lproj/InfoPlist.strings; sourceTree = "<group>"; };
		FB3E89EE2300CA6A00275C12 /* pl */ = {isa = PBXFileReference; lastKnownFileType = text.plist.strings; name = pl; path = pl.lproj/LaunchScreen.strings; sourceTree = "<group>"; };
		FB3E89EF2300CA6A00275C12 /* pl */ = {isa = PBXFileReference; lastKnownFileType = text.plist.strings; name = pl; path = pl.lproj/Localizable.strings; sourceTree = "<group>"; };
		FB3E89F02300CA6A00275C12 /* pl */ = {isa = PBXFileReference; lastKnownFileType = text.plist.strings; name = pl; path = pl.lproj/InfoPlist.strings; sourceTree = "<group>"; };
		FB3E89F12300CB1600275C12 /* bg */ = {isa = PBXFileReference; lastKnownFileType = text.plist.strings; name = bg; path = bg.lproj/LaunchScreen.strings; sourceTree = "<group>"; };
		FB3E89F22300CB1600275C12 /* bg */ = {isa = PBXFileReference; lastKnownFileType = text.plist.strings; name = bg; path = bg.lproj/InfoPlist.strings; sourceTree = "<group>"; };
		FB3E89F32300CB1600275C12 /* bg */ = {isa = PBXFileReference; lastKnownFileType = text.plist.strings; name = bg; path = bg.lproj/Localizable.strings; sourceTree = "<group>"; };
		FB3E8A002300CC6700275C12 /* pt-PT */ = {isa = PBXFileReference; lastKnownFileType = text.plist.strings; name = "pt-PT"; path = "pt-PT.lproj/LaunchScreen.strings"; sourceTree = "<group>"; };
		FB3E8A012300CC6700275C12 /* pt-PT */ = {isa = PBXFileReference; lastKnownFileType = text.plist.strings; name = "pt-PT"; path = "pt-PT.lproj/InfoPlist.strings"; sourceTree = "<group>"; };
		FB3E8A022300CC6700275C12 /* pt-PT */ = {isa = PBXFileReference; lastKnownFileType = text.plist.strings; name = "pt-PT"; path = "pt-PT.lproj/Localizable.strings"; sourceTree = "<group>"; };
		FBE0FC882327FFD0005278AD /* GoogleService-Info.plist */ = {isa = PBXFileReference; fileEncoding = 4; lastKnownFileType = text.plist.xml; path = "GoogleService-Info.plist"; sourceTree = "<group>"; };
/* End PBXFileReference section */

/* Begin PBXFrameworksBuildPhase section */
		FB354D7023007818003A6407 /* Frameworks */ = {
			isa = PBXFrameworksBuildPhase;
			buildActionMask = 2147483647;
			files = (
				FB141C742302035F001956B8 /* Core.framework in Frameworks */,
				56F2C782A064FF5BA4D3DFB8 /* Pods_LOL.framework in Frameworks */,
			);
			runOnlyForDeploymentPostprocessing = 0;
		};
/* End PBXFrameworksBuildPhase section */

/* Begin PBXGroup section */
		3990A46A91B978A0532671FE /* Pods */ = {
			isa = PBXGroup;
			children = (
				0407AE1977359449563E0CEE /* Pods-LOL.debug.xcconfig */,
				C6EF69C5707AD41C3628804A /* Pods-LOL.release.xcconfig */,
			);
			path = Pods;
			sourceTree = "<group>";
		};
		6281892C017635211E9D1458 /* Frameworks */ = {
			isa = PBXGroup;
			children = (
				880A5F01EDBC8822CCBA2A53 /* Pods_LOL.framework */,
			);
			name = Frameworks;
			sourceTree = "<group>";
		};
		FB354D6A23007818003A6407 = {
			isa = PBXGroup;
			children = (
				FB141C732302035F001956B8 /* Core.framework */,
				FB354D7523007818003A6407 /* src */,
				FB354D7423007818003A6407 /* Products */,
				3990A46A91B978A0532671FE /* Pods */,
				6281892C017635211E9D1458 /* Frameworks */,
			);
			sourceTree = "<group>";
		};
		FB354D7423007818003A6407 /* Products */ = {
			isa = PBXGroup;
			children = (
				FB354D7323007818003A6407 /* LOL.app */,
			);
			name = Products;
			sourceTree = "<group>";
		};
		FB354D7523007818003A6407 /* src */ = {
			isa = PBXGroup;
			children = (
				FBE0FC882327FFD0005278AD /* GoogleService-Info.plist */,
				FB354D7F23007818003A6407 /* LaunchScreen.storyboard */,
				FB3E89C52300C9AC00275C12 /* InfoPlist.strings */,
				FB3E89C32300C9AC00275C12 /* Localizable.strings */,
				FB354D7623007818003A6407 /* AppDelegate.swift */,
				FB354D7D23007818003A6407 /* Assets.xcassets */,
				FB354D8223007818003A6407 /* Info.plist */,
			);
			path = src;
			sourceTree = "<group>";
		};
/* End PBXGroup section */

/* Begin PBXNativeTarget section */
		FB354D7223007818003A6407 /* LOL */ = {
			isa = PBXNativeTarget;
			buildConfigurationList = FB354D8523007818003A6407 /* Build configuration list for PBXNativeTarget "LOL" */;
			buildPhases = (
				181F3F24D80D56662B2771A5 /* [CP] Check Pods Manifest.lock */,
				FB354D6F23007818003A6407 /* Sources */,
				FB354D7023007818003A6407 /* Frameworks */,
				FB354D7123007818003A6407 /* Resources */,
				FB141C762302035F001956B8 /* Embed Frameworks */,
				FC45051A791D9CCDA091FDEB /* [CP] Embed Pods Frameworks */,
			);
			buildRules = (
			);
			dependencies = (
			);
			name = LOL;
			productName = "Wallpapers for League of Legends";
			productReference = FB354D7323007818003A6407 /* LOL.app */;
			productType = "com.apple.product-type.application";
		};
/* End PBXNativeTarget section */

/* Begin PBXProject section */
		FB354D6B23007818003A6407 /* Project object */ = {
			isa = PBXProject;
			attributes = {
				LastSwiftUpdateCheck = 1030;
				LastUpgradeCheck = 1030;
				ORGANIZATIONNAME = "Atilla Özder";
				TargetAttributes = {
					FB354D7223007818003A6407 = {
						CreatedOnToolsVersion = 10.3;
					};
				};
			};
			buildConfigurationList = FB354D6E23007818003A6407 /* Build configuration list for PBXProject "LOL" */;
			compatibilityVersion = "Xcode 9.3";
			developmentRegion = en;
			hasScannedForEncodings = 0;
			knownRegions = (
				en,
				Base,
				tr,
				"es-419",
				"zh-Hans",
				ja,
				fr,
				de,
				ru,
				it,
				nl,
				pl,
				bg,
				"pt-PT",
				es,
				"en-GB",
				"en-IN",
				"en-AU",
				"zh-Hant",
				"zh-HK",
				"pt-BR",
				"fr-CA",
				ko,
				ar,
				sv,
				da,
				vi,
				nb,
				fi,
				id,
				el,
				cs,
				sk,
				uk,
				hi,
			);
			mainGroup = FB354D6A23007818003A6407;
			productRefGroup = FB354D7423007818003A6407 /* Products */;
			projectDirPath = "";
			projectRoot = "";
			targets = (
				FB354D7223007818003A6407 /* LOL */,
			);
		};
/* End PBXProject section */

/* Begin PBXResourcesBuildPhase section */
		FB354D7123007818003A6407 /* Resources */ = {
			isa = PBXResourcesBuildPhase;
			buildActionMask = 2147483647;
			files = (
				FB354D8123007818003A6407 /* LaunchScreen.storyboard in Resources */,
				FB3E89C72300C9AC00275C12 /* Localizable.strings in Resources */,
				FBE0FC892327FFD0005278AD /* GoogleService-Info.plist in Resources */,
				FB354D7E23007818003A6407 /* Assets.xcassets in Resources */,
				FB3E89C82300C9AC00275C12 /* InfoPlist.strings in Resources */,
			);
			runOnlyForDeploymentPostprocessing = 0;
		};
/* End PBXResourcesBuildPhase section */

/* Begin PBXShellScriptBuildPhase section */
		181F3F24D80D56662B2771A5 /* [CP] Check Pods Manifest.lock */ = {
			isa = PBXShellScriptBuildPhase;
			buildActionMask = 2147483647;
			files = (
			);
			inputFileListPaths = (
			);
			inputPaths = (
				"${PODS_PODFILE_DIR_PATH}/Podfile.lock",
				"${PODS_ROOT}/Manifest.lock",
			);
			name = "[CP] Check Pods Manifest.lock";
			outputFileListPaths = (
			);
			outputPaths = (
				"$(DERIVED_FILE_DIR)/Pods-LOL-checkManifestLockResult.txt",
			);
			runOnlyForDeploymentPostprocessing = 0;
			shellPath = /bin/sh;
			shellScript = "diff \"${PODS_PODFILE_DIR_PATH}/Podfile.lock\" \"${PODS_ROOT}/Manifest.lock\" > /dev/null\nif [ $? != 0 ] ; then\n    # print error to STDERR\n    echo \"error: The sandbox is not in sync with the Podfile.lock. Run 'pod install' or update your CocoaPods installation.\" >&2\n    exit 1\nfi\n# This output is used by Xcode 'outputs' to avoid re-running this script phase.\necho \"SUCCESS\" > \"${SCRIPT_OUTPUT_FILE_0}\"\n";
			showEnvVarsInLog = 0;
		};
		FC45051A791D9CCDA091FDEB /* [CP] Embed Pods Frameworks */ = {
			isa = PBXShellScriptBuildPhase;
			buildActionMask = 2147483647;
			files = (
			);
			inputFileListPaths = (
				"${PODS_ROOT}/Target Support Files/Pods-LOL/Pods-LOL-frameworks-${CONFIGURATION}-input-files.xcfilelist",
			);
			name = "[CP] Embed Pods Frameworks";
			outputFileListPaths = (
				"${PODS_ROOT}/Target Support Files/Pods-LOL/Pods-LOL-frameworks-${CONFIGURATION}-output-files.xcfilelist",
			);
			runOnlyForDeploymentPostprocessing = 0;
			shellPath = /bin/sh;
			shellScript = "\"${PODS_ROOT}/Target Support Files/Pods-LOL/Pods-LOL-frameworks.sh\"\n";
			showEnvVarsInLog = 0;
		};
/* End PBXShellScriptBuildPhase section */

/* Begin PBXSourcesBuildPhase section */
		FB354D6F23007818003A6407 /* Sources */ = {
			isa = PBXSourcesBuildPhase;
			buildActionMask = 2147483647;
			files = (
				FB354D7723007818003A6407 /* AppDelegate.swift in Sources */,
			);
			runOnlyForDeploymentPostprocessing = 0;
		};
/* End PBXSourcesBuildPhase section */

/* Begin PBXVariantGroup section */
		FB354D7F23007818003A6407 /* LaunchScreen.storyboard */ = {
			isa = PBXVariantGroup;
			children = (
				FB354D8023007818003A6407 /* Base */,
				FB3E89CA2300CA1F00275C12 /* tr */,
				FB3E89D02300CA2B00275C12 /* es-419 */,
				FB3E89D32300CA2F00275C12 /* zh-Hans */,
				FB3E89D62300CA3300275C12 /* ja */,
				FB3E89D92300CA3700275C12 /* fr */,
				FB3E89DC2300CA3B00275C12 /* de */,
				FB3E89DF2300CA4100275C12 /* ru */,
				FB3E89E52300CA4900275C12 /* it */,
				FB3E89EB2300CA6500275C12 /* nl */,
				FB3E89EE2300CA6A00275C12 /* pl */,
				FB3E89F12300CB1600275C12 /* bg */,
				FB3E8A002300CC6700275C12 /* pt-PT */,
				FB3037902327C670002A9E05 /* es */,
				FB3037932327C675002A9E05 /* en-GB */,
				FB3037962327C678002A9E05 /* en-IN */,
				FB3037992327C67C002A9E05 /* en-AU */,
				FB30379C2327C67F002A9E05 /* zh-Hant */,
				FB30379F2327C683002A9E05 /* zh-HK */,
				FB3037A22327C688002A9E05 /* pt-BR */,
				FB3037A52327C68B002A9E05 /* fr-CA */,
				FB3037A82327C68F002A9E05 /* ko */,
				FB3037AB2327C692002A9E05 /* ar */,
				FB3037AE2327C696002A9E05 /* sv */,
				FB3037B12327C69A002A9E05 /* da */,
				FB3037B42327C69E002A9E05 /* vi */,
				FB3037B72327C6A1002A9E05 /* nb */,
				FB3037BA2327C6A5002A9E05 /* fi */,
				FB3037BD2327C6A9002A9E05 /* id */,
				FB3037C02327C6AD002A9E05 /* el */,
				FB3037C32327C6B2002A9E05 /* cs */,
				FB3037C62327C6B6002A9E05 /* sk */,
				FB3037C92327C6BA002A9E05 /* uk */,
				FB3037CC2327C6BE002A9E05 /* hi */,
			);
			name = LaunchScreen.storyboard;
			sourceTree = "<group>";
		};
		FB3E89C32300C9AC00275C12 /* Localizable.strings */ = {
			isa = PBXVariantGroup;
			children = (
				FB3E89C42300C9AC00275C12 /* Base */,
				FB3E89CB2300CA1F00275C12 /* tr */,
				FB3E89D12300CA2B00275C12 /* es-419 */,
				FB3E89D42300CA2F00275C12 /* zh-Hans */,
				FB3E89D72300CA3300275C12 /* ja */,
				FB3E89DA2300CA3700275C12 /* fr */,
				FB3E89DD2300CA3B00275C12 /* de */,
				FB3E89E02300CA4100275C12 /* ru */,
				FB3E89E62300CA4900275C12 /* it */,
				FB3E89EC2300CA6500275C12 /* nl */,
				FB3E89EF2300CA6A00275C12 /* pl */,
				FB3E89F32300CB1600275C12 /* bg */,
				FB3E8A022300CC6700275C12 /* pt-PT */,
				FB3037922327C670002A9E05 /* es */,
				FB3037952327C675002A9E05 /* en-GB */,
				FB3037982327C678002A9E05 /* en-IN */,
				FB30379B2327C67C002A9E05 /* en-AU */,
				FB30379E2327C680002A9E05 /* zh-Hant */,
				FB3037A12327C683002A9E05 /* zh-HK */,
				FB3037A42327C688002A9E05 /* pt-BR */,
				FB3037A72327C68B002A9E05 /* fr-CA */,
				FB3037AA2327C68F002A9E05 /* ko */,
				FB3037AD2327C692002A9E05 /* ar */,
				FB3037B02327C696002A9E05 /* sv */,
				FB3037B32327C69A002A9E05 /* da */,
				FB3037B62327C69E002A9E05 /* vi */,
				FB3037B92327C6A1002A9E05 /* nb */,
				FB3037BC2327C6A5002A9E05 /* fi */,
				FB3037BF2327C6AA002A9E05 /* id */,
				FB3037C22327C6AD002A9E05 /* el */,
				FB3037C52327C6B2002A9E05 /* cs */,
				FB3037C82327C6B6002A9E05 /* sk */,
				FB3037CB2327C6BA002A9E05 /* uk */,
				FB3037CE2327C6BE002A9E05 /* hi */,
			);
			name = Localizable.strings;
			sourceTree = "<group>";
		};
		FB3E89C52300C9AC00275C12 /* InfoPlist.strings */ = {
			isa = PBXVariantGroup;
			children = (
				FB3E89C62300C9AC00275C12 /* Base */,
				FB3E89CC2300CA1F00275C12 /* tr */,
				FB3E89D22300CA2B00275C12 /* es-419 */,
				FB3E89D52300CA2F00275C12 /* zh-Hans */,
				FB3E89D82300CA3300275C12 /* ja */,
				FB3E89DB2300CA3700275C12 /* fr */,
				FB3E89DE2300CA3B00275C12 /* de */,
				FB3E89E12300CA4100275C12 /* ru */,
				FB3E89E72300CA4900275C12 /* it */,
				FB3E89ED2300CA6500275C12 /* nl */,
				FB3E89F02300CA6A00275C12 /* pl */,
				FB3E89F22300CB1600275C12 /* bg */,
				FB3E8A012300CC6700275C12 /* pt-PT */,
				FB3037912327C670002A9E05 /* es */,
				FB3037942327C675002A9E05 /* en-GB */,
				FB3037972327C678002A9E05 /* en-IN */,
				FB30379A2327C67C002A9E05 /* en-AU */,
				FB30379D2327C680002A9E05 /* zh-Hant */,
				FB3037A02327C683002A9E05 /* zh-HK */,
				FB3037A32327C688002A9E05 /* pt-BR */,
				FB3037A62327C68B002A9E05 /* fr-CA */,
				FB3037A92327C68F002A9E05 /* ko */,
				FB3037AC2327C692002A9E05 /* ar */,
				FB3037AF2327C696002A9E05 /* sv */,
				FB3037B22327C69A002A9E05 /* da */,
				FB3037B52327C69E002A9E05 /* vi */,
				FB3037B82327C6A1002A9E05 /* nb */,
				FB3037BB2327C6A5002A9E05 /* fi */,
				FB3037BE2327C6A9002A9E05 /* id */,
				FB3037C12327C6AD002A9E05 /* el */,
				FB3037C42327C6B2002A9E05 /* cs */,
				FB3037C72327C6B6002A9E05 /* sk */,
				FB3037CA2327C6BA002A9E05 /* uk */,
				FB3037CD2327C6BE002A9E05 /* hi */,
			);
			name = InfoPlist.strings;
			sourceTree = "<group>";
		};
/* End PBXVariantGroup section */

/* Begin XCBuildConfiguration section */
		FB354D8323007818003A6407 /* Debug */ = {
			isa = XCBuildConfiguration;
			buildSettings = {
				ALWAYS_SEARCH_USER_PATHS = NO;
				CLANG_ANALYZER_LOCALIZABILITY_NONLOCALIZED = YES;
				CLANG_ANALYZER_NONNULL = YES;
				CLANG_ANALYZER_NUMBER_OBJECT_CONVERSION = YES_AGGRESSIVE;
				CLANG_CXX_LANGUAGE_STANDARD = "gnu++14";
				CLANG_CXX_LIBRARY = "libc++";
				CLANG_ENABLE_MODULES = YES;
				CLANG_ENABLE_OBJC_ARC = YES;
				CLANG_ENABLE_OBJC_WEAK = YES;
				CLANG_WARN_BLOCK_CAPTURE_AUTORELEASING = YES;
				CLANG_WARN_BOOL_CONVERSION = YES;
				CLANG_WARN_COMMA = YES;
				CLANG_WARN_CONSTANT_CONVERSION = YES;
				CLANG_WARN_DEPRECATED_OBJC_IMPLEMENTATIONS = YES;
				CLANG_WARN_DIRECT_OBJC_ISA_USAGE = YES_ERROR;
				CLANG_WARN_DOCUMENTATION_COMMENTS = YES;
				CLANG_WARN_EMPTY_BODY = YES;
				CLANG_WARN_ENUM_CONVERSION = YES;
				CLANG_WARN_INFINITE_RECURSION = YES;
				CLANG_WARN_INT_CONVERSION = YES;
				CLANG_WARN_NON_LITERAL_NULL_CONVERSION = YES;
				CLANG_WARN_OBJC_IMPLICIT_RETAIN_SELF = YES;
				CLANG_WARN_OBJC_LITERAL_CONVERSION = YES;
				CLANG_WARN_OBJC_ROOT_CLASS = YES_ERROR;
				CLANG_WARN_RANGE_LOOP_ANALYSIS = YES;
				CLANG_WARN_STRICT_PROTOTYPES = YES;
				CLANG_WARN_SUSPICIOUS_MOVE = YES;
				CLANG_WARN_UNGUARDED_AVAILABILITY = YES_AGGRESSIVE;
				CLANG_WARN_UNREACHABLE_CODE = YES;
				CLANG_WARN__DUPLICATE_METHOD_MATCH = YES;
				CODE_SIGN_IDENTITY = "iPhone Developer";
				COPY_PHASE_STRIP = NO;
				DEBUG_INFORMATION_FORMAT = dwarf;
				ENABLE_STRICT_OBJC_MSGSEND = YES;
				ENABLE_TESTABILITY = YES;
				GCC_C_LANGUAGE_STANDARD = gnu11;
				GCC_DYNAMIC_NO_PIC = NO;
				GCC_NO_COMMON_BLOCKS = YES;
				GCC_OPTIMIZATION_LEVEL = 0;
				GCC_PREPROCESSOR_DEFINITIONS = (
					"DEBUG=1",
					"$(inherited)",
				);
				GCC_WARN_64_TO_32_BIT_CONVERSION = YES;
				GCC_WARN_ABOUT_RETURN_TYPE = YES_ERROR;
				GCC_WARN_UNDECLARED_SELECTOR = YES;
				GCC_WARN_UNINITIALIZED_AUTOS = YES_AGGRESSIVE;
				GCC_WARN_UNUSED_FUNCTION = YES;
				GCC_WARN_UNUSED_VARIABLE = YES;
				IPHONEOS_DEPLOYMENT_TARGET = 10.0;
				MTL_ENABLE_DEBUG_INFO = INCLUDE_SOURCE;
				MTL_FAST_MATH = YES;
				ONLY_ACTIVE_ARCH = YES;
				SDKROOT = iphoneos;
				SWIFT_ACTIVE_COMPILATION_CONDITIONS = DEBUG;
				SWIFT_OPTIMIZATION_LEVEL = "-Onone";
			};
			name = Debug;
		};
		FB354D8423007818003A6407 /* Release */ = {
			isa = XCBuildConfiguration;
			buildSettings = {
				ALWAYS_SEARCH_USER_PATHS = NO;
				CLANG_ANALYZER_LOCALIZABILITY_NONLOCALIZED = YES;
				CLANG_ANALYZER_NONNULL = YES;
				CLANG_ANALYZER_NUMBER_OBJECT_CONVERSION = YES_AGGRESSIVE;
				CLANG_CXX_LANGUAGE_STANDARD = "gnu++14";
				CLANG_CXX_LIBRARY = "libc++";
				CLANG_ENABLE_MODULES = YES;
				CLANG_ENABLE_OBJC_ARC = YES;
				CLANG_ENABLE_OBJC_WEAK = YES;
				CLANG_WARN_BLOCK_CAPTURE_AUTORELEASING = YES;
				CLANG_WARN_BOOL_CONVERSION = YES;
				CLANG_WARN_COMMA = YES;
				CLANG_WARN_CONSTANT_CONVERSION = YES;
				CLANG_WARN_DEPRECATED_OBJC_IMPLEMENTATIONS = YES;
				CLANG_WARN_DIRECT_OBJC_ISA_USAGE = YES_ERROR;
				CLANG_WARN_DOCUMENTATION_COMMENTS = YES;
				CLANG_WARN_EMPTY_BODY = YES;
				CLANG_WARN_ENUM_CONVERSION = YES;
				CLANG_WARN_INFINITE_RECURSION = YES;
				CLANG_WARN_INT_CONVERSION = YES;
				CLANG_WARN_NON_LITERAL_NULL_CONVERSION = YES;
				CLANG_WARN_OBJC_IMPLICIT_RETAIN_SELF = YES;
				CLANG_WARN_OBJC_LITERAL_CONVERSION = YES;
				CLANG_WARN_OBJC_ROOT_CLASS = YES_ERROR;
				CLANG_WARN_RANGE_LOOP_ANALYSIS = YES;
				CLANG_WARN_STRICT_PROTOTYPES = YES;
				CLANG_WARN_SUSPICIOUS_MOVE = YES;
				CLANG_WARN_UNGUARDED_AVAILABILITY = YES_AGGRESSIVE;
				CLANG_WARN_UNREACHABLE_CODE = YES;
				CLANG_WARN__DUPLICATE_METHOD_MATCH = YES;
				CODE_SIGN_IDENTITY = "iPhone Developer";
				COPY_PHASE_STRIP = NO;
				DEBUG_INFORMATION_FORMAT = "dwarf-with-dsym";
				ENABLE_NS_ASSERTIONS = NO;
				ENABLE_STRICT_OBJC_MSGSEND = YES;
				GCC_C_LANGUAGE_STANDARD = gnu11;
				GCC_NO_COMMON_BLOCKS = YES;
				GCC_WARN_64_TO_32_BIT_CONVERSION = YES;
				GCC_WARN_ABOUT_RETURN_TYPE = YES_ERROR;
				GCC_WARN_UNDECLARED_SELECTOR = YES;
				GCC_WARN_UNINITIALIZED_AUTOS = YES_AGGRESSIVE;
				GCC_WARN_UNUSED_FUNCTION = YES;
				GCC_WARN_UNUSED_VARIABLE = YES;
				IPHONEOS_DEPLOYMENT_TARGET = 10.0;
				MTL_ENABLE_DEBUG_INFO = NO;
				MTL_FAST_MATH = YES;
				SDKROOT = iphoneos;
				SWIFT_COMPILATION_MODE = wholemodule;
				SWIFT_OPTIMIZATION_LEVEL = "-O";
				VALIDATE_PRODUCT = YES;
			};
			name = Release;
		};
		FB354D8623007818003A6407 /* Debug */ = {
			isa = XCBuildConfiguration;
			baseConfigurationReference = 0407AE1977359449563E0CEE /* Pods-LOL.debug.xcconfig */;
			buildSettings = {
				ASSETCATALOG_COMPILER_APPICON_NAME = AppIcon;
				CODE_SIGN_STYLE = Manual;
				DEVELOPMENT_TEAM = 74NMDHX448;
				INFOPLIST_FILE = "$(SRCROOT)/src/Info.plist";
				IPHONEOS_DEPLOYMENT_TARGET = 10.0;
				LD_RUNPATH_SEARCH_PATHS = (
					"$(inherited)",
					"@executable_path/Frameworks",
				);
				PRODUCT_BUNDLE_IDENTIFIER = com.appraf.lol;
				PRODUCT_NAME = "$(TARGET_NAME)";
				PROVISIONING_PROFILE_SPECIFIER = LolDebugProfile;
				SWIFT_VERSION = 5.0;
				TARGETED_DEVICE_FAMILY = "1,2";
			};
			name = Debug;
		};
		FB354D8723007818003A6407 /* Release */ = {
			isa = XCBuildConfiguration;
			baseConfigurationReference = C6EF69C5707AD41C3628804A /* Pods-LOL.release.xcconfig */;
			buildSettings = {
				ASSETCATALOG_COMPILER_APPICON_NAME = AppIcon;
				CODE_SIGN_IDENTITY = "iPhone Distribution";
				CODE_SIGN_STYLE = Manual;
				DEVELOPMENT_TEAM = 74NMDHX448;
				INFOPLIST_FILE = "$(SRCROOT)/src/Info.plist";
				IPHONEOS_DEPLOYMENT_TARGET = 10.0;
				LD_RUNPATH_SEARCH_PATHS = (
					"$(inherited)",
					"@executable_path/Frameworks",
				);
				PRODUCT_BUNDLE_IDENTIFIER = com.appraf.lol;
				PRODUCT_NAME = "$(TARGET_NAME)";
				PROVISIONING_PROFILE_SPECIFIER = LolReleaseProfile;
				SWIFT_VERSION = 5.0;
				TARGETED_DEVICE_FAMILY = "1,2";
			};
			name = Release;
		};
/* End XCBuildConfiguration section */

/* Begin XCConfigurationList section */
		FB354D6E23007818003A6407 /* Build configuration list for PBXProject "LOL" */ = {
			isa = XCConfigurationList;
			buildConfigurations = (
				FB354D8323007818003A6407 /* Debug */,
				FB354D8423007818003A6407 /* Release */,
			);
			defaultConfigurationIsVisible = 0;
			defaultConfigurationName = Release;
		};
		FB354D8523007818003A6407 /* Build configuration list for PBXNativeTarget "LOL" */ = {
			isa = XCConfigurationList;
			buildConfigurations = (
				FB354D8623007818003A6407 /* Debug */,
				FB354D8723007818003A6407 /* Release */,
			);
			defaultConfigurationIsVisible = 0;
			defaultConfigurationName = Release;
		};
/* End XCConfigurationList section */
	};
	rootObject = FB354D6B23007818003A6407 /* Project object */;
}
