// !$*UTF8*$!
{
	archiveVersion = 1;
	classes = {
	};
	objectVersion = 51;
	objects = {

/* Begin PBXBuildFile section */
		F51635D2E50B63C85865CA85 /* Pods_Wallpapers_for_COC.framework in Frameworks */ = {isa = PBXBuildFile; fileRef = 0C4D912885AF817EAE10DDD8 /* Pods_Wallpapers_for_COC.framework */; };
		FB30385F2327CEAF002A9E05 /* AppDelegate.swift in Sources */ = {isa = PBXBuildFile; fileRef = FB30385E2327CEAF002A9E05 /* AppDelegate.swift */; };
		FB3038662327CEAF002A9E05 /* Assets.xcassets in Resources */ = {isa = PBXBuildFile; fileRef = FB3038652327CEAF002A9E05 /* Assets.xcassets */; };
		FB3038692327CEAF002A9E05 /* LaunchScreen.storyboard in Resources */ = {isa = PBXBuildFile; fileRef = FB3038672327CEAF002A9E05 /* LaunchScreen.storyboard */; };
		FB3038712327CEEC002A9E05 /* Core.framework in Frameworks */ = {isa = PBXBuildFile; fileRef = FB3038702327CEEC002A9E05 /* Core.framework */; };
		FB3038722327CEEC002A9E05 /* Core.framework in Embed Frameworks */ = {isa = PBXBuildFile; fileRef = FB3038702327CEEC002A9E05 /* Core.framework */; settings = {ATTRIBUTES = (CodeSignOnCopy, RemoveHeadersOnCopy, ); }; };
		FB3038E02327D0F0002A9E05 /* InfoPlist.strings in Resources */ = {isa = PBXBuildFile; fileRef = FB3038DE2327D0F0002A9E05 /* InfoPlist.strings */; };
		FB3038E32327D0FB002A9E05 /* Localizable.strings in Resources */ = {isa = PBXBuildFile; fileRef = FB3038E12327D0FB002A9E05 /* Localizable.strings */; };
/* End PBXBuildFile section */

/* Begin PBXCopyFilesBuildPhase section */
		FB3038732327CEEC002A9E05 /* Embed Frameworks */ = {
			isa = PBXCopyFilesBuildPhase;
			buildActionMask = 2147483647;
			dstPath = "";
			dstSubfolderSpec = 10;
			files = (
				FB3038722327CEEC002A9E05 /* Core.framework in Embed Frameworks */,
			);
			name = "Embed Frameworks";
			runOnlyForDeploymentPostprocessing = 0;
		};
/* End PBXCopyFilesBuildPhase section */

/* Begin PBXFileReference section */
		0540949DB1C29E8F7E0D79D1 /* Pods-Wallpapers for COC.release.xcconfig */ = {isa = PBXFileReference; includeInIndex = 1; lastKnownFileType = text.xcconfig; name = "Pods-Wallpapers for COC.release.xcconfig"; path = "Target Support Files/Pods-Wallpapers for COC/Pods-Wallpapers for COC.release.xcconfig"; sourceTree = "<group>"; };
		0C4D912885AF817EAE10DDD8 /* Pods_Wallpapers_for_COC.framework */ = {isa = PBXFileReference; explicitFileType = wrapper.framework; includeInIndex = 0; path = Pods_Wallpapers_for_COC.framework; sourceTree = BUILT_PRODUCTS_DIR; };
		7CA4C163F8AB05759F54A0A6 /* Pods-Wallpapers for COC.debug.xcconfig */ = {isa = PBXFileReference; includeInIndex = 1; lastKnownFileType = text.xcconfig; name = "Pods-Wallpapers for COC.debug.xcconfig"; path = "Target Support Files/Pods-Wallpapers for COC/Pods-Wallpapers for COC.debug.xcconfig"; sourceTree = "<group>"; };
		FB30385B2327CEAF002A9E05 /* Wallpapers for COC.app */ = {isa = PBXFileReference; explicitFileType = wrapper.application; includeInIndex = 0; path = "Wallpapers for COC.app"; sourceTree = BUILT_PRODUCTS_DIR; };
		FB30385E2327CEAF002A9E05 /* AppDelegate.swift */ = {isa = PBXFileReference; lastKnownFileType = sourcecode.swift; path = AppDelegate.swift; sourceTree = "<group>"; };
		FB3038652327CEAF002A9E05 /* Assets.xcassets */ = {isa = PBXFileReference; lastKnownFileType = folder.assetcatalog; path = Assets.xcassets; sourceTree = "<group>"; };
		FB3038682327CEAF002A9E05 /* Base */ = {isa = PBXFileReference; lastKnownFileType = file.storyboard; name = Base; path = Base.lproj/LaunchScreen.storyboard; sourceTree = "<group>"; };
		FB30386A2327CEAF002A9E05 /* Info.plist */ = {isa = PBXFileReference; lastKnownFileType = text.plist.xml; path = Info.plist; sourceTree = "<group>"; };
		FB3038702327CEEC002A9E05 /* Core.framework */ = {isa = PBXFileReference; explicitFileType = wrapper.framework; path = Core.framework; sourceTree = BUILT_PRODUCTS_DIR; };
		FB3038DF2327D0F0002A9E05 /* Base */ = {isa = PBXFileReference; lastKnownFileType = text.plist.strings; name = Base; path = Base.lproj/InfoPlist.strings; sourceTree = "<group>"; };
		FB3038E22327D0FB002A9E05 /* Base */ = {isa = PBXFileReference; lastKnownFileType = text.plist.strings; name = Base; path = Base.lproj/Localizable.strings; sourceTree = "<group>"; };
		FB3038E42327D104002A9E05 /* en-AU */ = {isa = PBXFileReference; lastKnownFileType = text.plist.strings; name = "en-AU"; path = "en-AU.lproj/LaunchScreen.strings"; sourceTree = "<group>"; };
		FB3038E52327D104002A9E05 /* en-AU */ = {isa = PBXFileReference; lastKnownFileType = text.plist.strings; name = "en-AU"; path = "en-AU.lproj/InfoPlist.strings"; sourceTree = "<group>"; };
		FB3038E62327D104002A9E05 /* en-AU */ = {isa = PBXFileReference; lastKnownFileType = text.plist.strings; name = "en-AU"; path = "en-AU.lproj/Localizable.strings"; sourceTree = "<group>"; };
		FB3038E72327D107002A9E05 /* en-GB */ = {isa = PBXFileReference; lastKnownFileType = text.plist.strings; name = "en-GB"; path = "en-GB.lproj/LaunchScreen.strings"; sourceTree = "<group>"; };
		FB3038E82327D107002A9E05 /* en-GB */ = {isa = PBXFileReference; lastKnownFileType = text.plist.strings; name = "en-GB"; path = "en-GB.lproj/InfoPlist.strings"; sourceTree = "<group>"; };
		FB3038E92327D108002A9E05 /* en-GB */ = {isa = PBXFileReference; lastKnownFileType = text.plist.strings; name = "en-GB"; path = "en-GB.lproj/Localizable.strings"; sourceTree = "<group>"; };
		FB3038EA2327D10A002A9E05 /* en-IN */ = {isa = PBXFileReference; lastKnownFileType = text.plist.strings; name = "en-IN"; path = "en-IN.lproj/LaunchScreen.strings"; sourceTree = "<group>"; };
		FB3038EB2327D10B002A9E05 /* en-IN */ = {isa = PBXFileReference; lastKnownFileType = text.plist.strings; name = "en-IN"; path = "en-IN.lproj/InfoPlist.strings"; sourceTree = "<group>"; };
		FB3038EC2327D10B002A9E05 /* en-IN */ = {isa = PBXFileReference; lastKnownFileType = text.plist.strings; name = "en-IN"; path = "en-IN.lproj/Localizable.strings"; sourceTree = "<group>"; };
		FB3038ED2327D10D002A9E05 /* zh-Hans */ = {isa = PBXFileReference; lastKnownFileType = text.plist.strings; name = "zh-Hans"; path = "zh-Hans.lproj/LaunchScreen.strings"; sourceTree = "<group>"; };
		FB3038EE2327D10E002A9E05 /* zh-Hans */ = {isa = PBXFileReference; lastKnownFileType = text.plist.strings; name = "zh-Hans"; path = "zh-Hans.lproj/InfoPlist.strings"; sourceTree = "<group>"; };
		FB3038EF2327D10E002A9E05 /* zh-Hans */ = {isa = PBXFileReference; lastKnownFileType = text.plist.strings; name = "zh-Hans"; path = "zh-Hans.lproj/Localizable.strings"; sourceTree = "<group>"; };
		FB3038F02327D110002A9E05 /* zh-Hant */ = {isa = PBXFileReference; lastKnownFileType = text.plist.strings; name = "zh-Hant"; path = "zh-Hant.lproj/LaunchScreen.strings"; sourceTree = "<group>"; };
		FB3038F12327D110002A9E05 /* zh-Hant */ = {isa = PBXFileReference; lastKnownFileType = text.plist.strings; name = "zh-Hant"; path = "zh-Hant.lproj/InfoPlist.strings"; sourceTree = "<group>"; };
		FB3038F22327D110002A9E05 /* zh-Hant */ = {isa = PBXFileReference; lastKnownFileType = text.plist.strings; name = "zh-Hant"; path = "zh-Hant.lproj/Localizable.strings"; sourceTree = "<group>"; };
		FB3038F32327D112002A9E05 /* ja */ = {isa = PBXFileReference; lastKnownFileType = text.plist.strings; name = ja; path = ja.lproj/LaunchScreen.strings; sourceTree = "<group>"; };
		FB3038F42327D112002A9E05 /* ja */ = {isa = PBXFileReference; lastKnownFileType = text.plist.strings; name = ja; path = ja.lproj/InfoPlist.strings; sourceTree = "<group>"; };
		FB3038F52327D112002A9E05 /* ja */ = {isa = PBXFileReference; lastKnownFileType = text.plist.strings; name = ja; path = ja.lproj/Localizable.strings; sourceTree = "<group>"; };
		FB3038F62327D114002A9E05 /* zh-HK */ = {isa = PBXFileReference; lastKnownFileType = text.plist.strings; name = "zh-HK"; path = "zh-HK.lproj/LaunchScreen.strings"; sourceTree = "<group>"; };
		FB3038F72327D114002A9E05 /* zh-HK */ = {isa = PBXFileReference; lastKnownFileType = text.plist.strings; name = "zh-HK"; path = "zh-HK.lproj/InfoPlist.strings"; sourceTree = "<group>"; };
		FB3038F82327D114002A9E05 /* zh-HK */ = {isa = PBXFileReference; lastKnownFileType = text.plist.strings; name = "zh-HK"; path = "zh-HK.lproj/Localizable.strings"; sourceTree = "<group>"; };
		FB3038F92327D117002A9E05 /* es */ = {isa = PBXFileReference; lastKnownFileType = text.plist.strings; name = es; path = es.lproj/LaunchScreen.strings; sourceTree = "<group>"; };
		FB3038FA2327D117002A9E05 /* es */ = {isa = PBXFileReference; lastKnownFileType = text.plist.strings; name = es; path = es.lproj/InfoPlist.strings; sourceTree = "<group>"; };
		FB3038FB2327D117002A9E05 /* es */ = {isa = PBXFileReference; lastKnownFileType = text.plist.strings; name = es; path = es.lproj/Localizable.strings; sourceTree = "<group>"; };
		FB3038FC2327D119002A9E05 /* es-419 */ = {isa = PBXFileReference; lastKnownFileType = text.plist.strings; name = "es-419"; path = "es-419.lproj/LaunchScreen.strings"; sourceTree = "<group>"; };
		FB3038FD2327D119002A9E05 /* es-419 */ = {isa = PBXFileReference; lastKnownFileType = text.plist.strings; name = "es-419"; path = "es-419.lproj/InfoPlist.strings"; sourceTree = "<group>"; };
		FB3038FE2327D119002A9E05 /* es-419 */ = {isa = PBXFileReference; lastKnownFileType = text.plist.strings; name = "es-419"; path = "es-419.lproj/Localizable.strings"; sourceTree = "<group>"; };
		FB3038FF2327D11B002A9E05 /* fr-CA */ = {isa = PBXFileReference; lastKnownFileType = text.plist.strings; name = "fr-CA"; path = "fr-CA.lproj/LaunchScreen.strings"; sourceTree = "<group>"; };
		FB3039002327D11B002A9E05 /* fr-CA */ = {isa = PBXFileReference; lastKnownFileType = text.plist.strings; name = "fr-CA"; path = "fr-CA.lproj/InfoPlist.strings"; sourceTree = "<group>"; };
		FB3039012327D11B002A9E05 /* fr-CA */ = {isa = PBXFileReference; lastKnownFileType = text.plist.strings; name = "fr-CA"; path = "fr-CA.lproj/Localizable.strings"; sourceTree = "<group>"; };
		FB3039022327D11E002A9E05 /* de */ = {isa = PBXFileReference; lastKnownFileType = text.plist.strings; name = de; path = de.lproj/LaunchScreen.strings; sourceTree = "<group>"; };
		FB3039032327D11E002A9E05 /* de */ = {isa = PBXFileReference; lastKnownFileType = text.plist.strings; name = de; path = de.lproj/InfoPlist.strings; sourceTree = "<group>"; };
		FB3039042327D11E002A9E05 /* de */ = {isa = PBXFileReference; lastKnownFileType = text.plist.strings; name = de; path = de.lproj/Localizable.strings; sourceTree = "<group>"; };
		FB3039052327D120002A9E05 /* ru */ = {isa = PBXFileReference; lastKnownFileType = text.plist.strings; name = ru; path = ru.lproj/LaunchScreen.strings; sourceTree = "<group>"; };
		FB3039062327D120002A9E05 /* ru */ = {isa = PBXFileReference; lastKnownFileType = text.plist.strings; name = ru; path = ru.lproj/InfoPlist.strings; sourceTree = "<group>"; };
		FB3039072327D120002A9E05 /* ru */ = {isa = PBXFileReference; lastKnownFileType = text.plist.strings; name = ru; path = ru.lproj/Localizable.strings; sourceTree = "<group>"; };
		FB3039082327D123002A9E05 /* pt-BR */ = {isa = PBXFileReference; lastKnownFileType = text.plist.strings; name = "pt-BR"; path = "pt-BR.lproj/LaunchScreen.strings"; sourceTree = "<group>"; };
		FB3039092327D123002A9E05 /* pt-BR */ = {isa = PBXFileReference; lastKnownFileType = text.plist.strings; name = "pt-BR"; path = "pt-BR.lproj/InfoPlist.strings"; sourceTree = "<group>"; };
		FB30390A2327D123002A9E05 /* pt-BR */ = {isa = PBXFileReference; lastKnownFileType = text.plist.strings; name = "pt-BR"; path = "pt-BR.lproj/Localizable.strings"; sourceTree = "<group>"; };
		FB30390B2327D126002A9E05 /* fr */ = {isa = PBXFileReference; lastKnownFileType = text.plist.strings; name = fr; path = fr.lproj/LaunchScreen.strings; sourceTree = "<group>"; };
		FB30390C2327D126002A9E05 /* fr */ = {isa = PBXFileReference; lastKnownFileType = text.plist.strings; name = fr; path = fr.lproj/InfoPlist.strings; sourceTree = "<group>"; };
		FB30390D2327D126002A9E05 /* fr */ = {isa = PBXFileReference; lastKnownFileType = text.plist.strings; name = fr; path = fr.lproj/Localizable.strings; sourceTree = "<group>"; };
		FB30390E2327D129002A9E05 /* pt-PT */ = {isa = PBXFileReference; lastKnownFileType = text.plist.strings; name = "pt-PT"; path = "pt-PT.lproj/LaunchScreen.strings"; sourceTree = "<group>"; };
		FB30390F2327D129002A9E05 /* pt-PT */ = {isa = PBXFileReference; lastKnownFileType = text.plist.strings; name = "pt-PT"; path = "pt-PT.lproj/InfoPlist.strings"; sourceTree = "<group>"; };
		FB3039102327D129002A9E05 /* pt-PT */ = {isa = PBXFileReference; lastKnownFileType = text.plist.strings; name = "pt-PT"; path = "pt-PT.lproj/Localizable.strings"; sourceTree = "<group>"; };
		FB3039112327D12F002A9E05 /* it */ = {isa = PBXFileReference; lastKnownFileType = text.plist.strings; name = it; path = it.lproj/LaunchScreen.strings; sourceTree = "<group>"; };
		FB3039122327D130002A9E05 /* it */ = {isa = PBXFileReference; lastKnownFileType = text.plist.strings; name = it; path = it.lproj/InfoPlist.strings; sourceTree = "<group>"; };
		FB3039132327D130002A9E05 /* it */ = {isa = PBXFileReference; lastKnownFileType = text.plist.strings; name = it; path = it.lproj/Localizable.strings; sourceTree = "<group>"; };
		FB3039142327D132002A9E05 /* ko */ = {isa = PBXFileReference; lastKnownFileType = text.plist.strings; name = ko; path = ko.lproj/LaunchScreen.strings; sourceTree = "<group>"; };
		FB3039152327D132002A9E05 /* ko */ = {isa = PBXFileReference; lastKnownFileType = text.plist.strings; name = ko; path = ko.lproj/InfoPlist.strings; sourceTree = "<group>"; };
		FB3039162327D132002A9E05 /* ko */ = {isa = PBXFileReference; lastKnownFileType = text.plist.strings; name = ko; path = ko.lproj/Localizable.strings; sourceTree = "<group>"; };
		FB3039172327D134002A9E05 /* nl */ = {isa = PBXFileReference; lastKnownFileType = text.plist.strings; name = nl; path = nl.lproj/LaunchScreen.strings; sourceTree = "<group>"; };
		FB3039182327D134002A9E05 /* nl */ = {isa = PBXFileReference; lastKnownFileType = text.plist.strings; name = nl; path = nl.lproj/InfoPlist.strings; sourceTree = "<group>"; };
		FB3039192327D134002A9E05 /* nl */ = {isa = PBXFileReference; lastKnownFileType = text.plist.strings; name = nl; path = nl.lproj/Localizable.strings; sourceTree = "<group>"; };
		FB30391A2327D136002A9E05 /* ar */ = {isa = PBXFileReference; lastKnownFileType = text.plist.strings; name = ar; path = ar.lproj/LaunchScreen.strings; sourceTree = "<group>"; };
		FB30391B2327D136002A9E05 /* ar */ = {isa = PBXFileReference; lastKnownFileType = text.plist.strings; name = ar; path = ar.lproj/InfoPlist.strings; sourceTree = "<group>"; };
		FB30391C2327D136002A9E05 /* ar */ = {isa = PBXFileReference; lastKnownFileType = text.plist.strings; name = ar; path = ar.lproj/Localizable.strings; sourceTree = "<group>"; };
		FB30391D2327D139002A9E05 /* sv */ = {isa = PBXFileReference; lastKnownFileType = text.plist.strings; name = sv; path = sv.lproj/LaunchScreen.strings; sourceTree = "<group>"; };
		FB30391E2327D139002A9E05 /* sv */ = {isa = PBXFileReference; lastKnownFileType = text.plist.strings; name = sv; path = sv.lproj/InfoPlist.strings; sourceTree = "<group>"; };
		FB30391F2327D139002A9E05 /* sv */ = {isa = PBXFileReference; lastKnownFileType = text.plist.strings; name = sv; path = sv.lproj/Localizable.strings; sourceTree = "<group>"; };
		FB3039202327D13B002A9E05 /* tr */ = {isa = PBXFileReference; lastKnownFileType = text.plist.strings; name = tr; path = tr.lproj/LaunchScreen.strings; sourceTree = "<group>"; };
		FB3039212327D13B002A9E05 /* tr */ = {isa = PBXFileReference; lastKnownFileType = text.plist.strings; name = tr; path = tr.lproj/InfoPlist.strings; sourceTree = "<group>"; };
		FB3039222327D13B002A9E05 /* tr */ = {isa = PBXFileReference; lastKnownFileType = text.plist.strings; name = tr; path = tr.lproj/Localizable.strings; sourceTree = "<group>"; };
		FB3039232327D13E002A9E05 /* da */ = {isa = PBXFileReference; lastKnownFileType = text.plist.strings; name = da; path = da.lproj/LaunchScreen.strings; sourceTree = "<group>"; };
		FB3039242327D13E002A9E05 /* da */ = {isa = PBXFileReference; lastKnownFileType = text.plist.strings; name = da; path = da.lproj/InfoPlist.strings; sourceTree = "<group>"; };
		FB3039252327D13E002A9E05 /* da */ = {isa = PBXFileReference; lastKnownFileType = text.plist.strings; name = da; path = da.lproj/Localizable.strings; sourceTree = "<group>"; };
		FB3039262327D140002A9E05 /* vi */ = {isa = PBXFileReference; lastKnownFileType = text.plist.strings; name = vi; path = vi.lproj/LaunchScreen.strings; sourceTree = "<group>"; };
		FB3039272327D140002A9E05 /* vi */ = {isa = PBXFileReference; lastKnownFileType = text.plist.strings; name = vi; path = vi.lproj/InfoPlist.strings; sourceTree = "<group>"; };
		FB3039282327D140002A9E05 /* vi */ = {isa = PBXFileReference; lastKnownFileType = text.plist.strings; name = vi; path = vi.lproj/Localizable.strings; sourceTree = "<group>"; };
		FB3039292327D143002A9E05 /* nb */ = {isa = PBXFileReference; lastKnownFileType = text.plist.strings; name = nb; path = nb.lproj/LaunchScreen.strings; sourceTree = "<group>"; };
		FB30392A2327D143002A9E05 /* nb */ = {isa = PBXFileReference; lastKnownFileType = text.plist.strings; name = nb; path = nb.lproj/InfoPlist.strings; sourceTree = "<group>"; };
		FB30392B2327D143002A9E05 /* nb */ = {isa = PBXFileReference; lastKnownFileType = text.plist.strings; name = nb; path = nb.lproj/Localizable.strings; sourceTree = "<group>"; };
		FB30392C2327D145002A9E05 /* pl */ = {isa = PBXFileReference; lastKnownFileType = text.plist.strings; name = pl; path = pl.lproj/LaunchScreen.strings; sourceTree = "<group>"; };
		FB30392D2327D146002A9E05 /* pl */ = {isa = PBXFileReference; lastKnownFileType = text.plist.strings; name = pl; path = pl.lproj/InfoPlist.strings; sourceTree = "<group>"; };
		FB30392E2327D146002A9E05 /* pl */ = {isa = PBXFileReference; lastKnownFileType = text.plist.strings; name = pl; path = pl.lproj/Localizable.strings; sourceTree = "<group>"; };
		FB30392F2327D14A002A9E05 /* el */ = {isa = PBXFileReference; lastKnownFileType = text.plist.strings; name = el; path = el.lproj/LaunchScreen.strings; sourceTree = "<group>"; };
		FB3039302327D14A002A9E05 /* el */ = {isa = PBXFileReference; lastKnownFileType = text.plist.strings; name = el; path = el.lproj/InfoPlist.strings; sourceTree = "<group>"; };
		FB3039312327D14A002A9E05 /* el */ = {isa = PBXFileReference; lastKnownFileType = text.plist.strings; name = el; path = el.lproj/Localizable.strings; sourceTree = "<group>"; };
		FB3039322327D14D002A9E05 /* uk */ = {isa = PBXFileReference; lastKnownFileType = text.plist.strings; name = uk; path = uk.lproj/LaunchScreen.strings; sourceTree = "<group>"; };
		FB3039332327D14D002A9E05 /* uk */ = {isa = PBXFileReference; lastKnownFileType = text.plist.strings; name = uk; path = uk.lproj/InfoPlist.strings; sourceTree = "<group>"; };
		FB3039342327D14D002A9E05 /* uk */ = {isa = PBXFileReference; lastKnownFileType = text.plist.strings; name = uk; path = uk.lproj/Localizable.strings; sourceTree = "<group>"; };
		FB3039352327D14F002A9E05 /* sk */ = {isa = PBXFileReference; lastKnownFileType = text.plist.strings; name = sk; path = sk.lproj/LaunchScreen.strings; sourceTree = "<group>"; };
		FB3039362327D14F002A9E05 /* sk */ = {isa = PBXFileReference; lastKnownFileType = text.plist.strings; name = sk; path = sk.lproj/InfoPlist.strings; sourceTree = "<group>"; };
		FB3039372327D14F002A9E05 /* sk */ = {isa = PBXFileReference; lastKnownFileType = text.plist.strings; name = sk; path = sk.lproj/Localizable.strings; sourceTree = "<group>"; };
		FB3039382327D151002A9E05 /* hi */ = {isa = PBXFileReference; lastKnownFileType = text.plist.strings; name = hi; path = hi.lproj/LaunchScreen.strings; sourceTree = "<group>"; };
		FB3039392327D151002A9E05 /* hi */ = {isa = PBXFileReference; lastKnownFileType = text.plist.strings; name = hi; path = hi.lproj/InfoPlist.strings; sourceTree = "<group>"; };
		FB30393A2327D151002A9E05 /* hi */ = {isa = PBXFileReference; lastKnownFileType = text.plist.strings; name = hi; path = hi.lproj/Localizable.strings; sourceTree = "<group>"; };
		FB30393B2327D155002A9E05 /* id */ = {isa = PBXFileReference; lastKnownFileType = text.plist.strings; name = id; path = id.lproj/LaunchScreen.strings; sourceTree = "<group>"; };
		FB30393C2327D155002A9E05 /* id */ = {isa = PBXFileReference; lastKnownFileType = text.plist.strings; name = id; path = id.lproj/InfoPlist.strings; sourceTree = "<group>"; };
		FB30393D2327D155002A9E05 /* id */ = {isa = PBXFileReference; lastKnownFileType = text.plist.strings; name = id; path = id.lproj/Localizable.strings; sourceTree = "<group>"; };
		FB30393E2327D158002A9E05 /* fi */ = {isa = PBXFileReference; lastKnownFileType = text.plist.strings; name = fi; path = fi.lproj/LaunchScreen.strings; sourceTree = "<group>"; };
		FB30393F2327D158002A9E05 /* fi */ = {isa = PBXFileReference; lastKnownFileType = text.plist.strings; name = fi; path = fi.lproj/InfoPlist.strings; sourceTree = "<group>"; };
		FB3039402327D158002A9E05 /* fi */ = {isa = PBXFileReference; lastKnownFileType = text.plist.strings; name = fi; path = fi.lproj/Localizable.strings; sourceTree = "<group>"; };
		FB3039412327D15B002A9E05 /* cs */ = {isa = PBXFileReference; lastKnownFileType = text.plist.strings; name = cs; path = cs.lproj/LaunchScreen.strings; sourceTree = "<group>"; };
		FB3039422327D15C002A9E05 /* cs */ = {isa = PBXFileReference; lastKnownFileType = text.plist.strings; name = cs; path = cs.lproj/InfoPlist.strings; sourceTree = "<group>"; };
		FB3039432327D15C002A9E05 /* cs */ = {isa = PBXFileReference; lastKnownFileType = text.plist.strings; name = cs; path = cs.lproj/Localizable.strings; sourceTree = "<group>"; };
/* End PBXFileReference section */

/* Begin PBXFrameworksBuildPhase section */
		FB3038582327CEAF002A9E05 /* Frameworks */ = {
			isa = PBXFrameworksBuildPhase;
			buildActionMask = 2147483647;
			files = (
				FB3038712327CEEC002A9E05 /* Core.framework in Frameworks */,
				F51635D2E50B63C85865CA85 /* Pods_Wallpapers_for_COC.framework in Frameworks */,
			);
			runOnlyForDeploymentPostprocessing = 0;
		};
/* End PBXFrameworksBuildPhase section */

/* Begin PBXGroup section */
		84570043F5CE01D6377AD76F /* Pods */ = {
			isa = PBXGroup;
			children = (
				7CA4C163F8AB05759F54A0A6 /* Pods-Wallpapers for COC.debug.xcconfig */,
				0540949DB1C29E8F7E0D79D1 /* Pods-Wallpapers for COC.release.xcconfig */,
			);
			name = Pods;
			path = ../Pods;
			sourceTree = "<group>";
		};
		8F400BA7A0806090849E828F /* Frameworks */ = {
			isa = PBXGroup;
			children = (
				0C4D912885AF817EAE10DDD8 /* Pods_Wallpapers_for_COC.framework */,
			);
			name = Frameworks;
			sourceTree = "<group>";
		};
		FB3038522327CEAF002A9E05 = {
			isa = PBXGroup;
			children = (
				FB3038702327CEEC002A9E05 /* Core.framework */,
				FB30385D2327CEAF002A9E05 /* src */,
				FB30385C2327CEAF002A9E05 /* Products */,
				84570043F5CE01D6377AD76F /* Pods */,
				8F400BA7A0806090849E828F /* Frameworks */,
			);
			sourceTree = "<group>";
		};
		FB30385C2327CEAF002A9E05 /* Products */ = {
			isa = PBXGroup;
			children = (
				FB30385B2327CEAF002A9E05 /* Wallpapers for COC.app */,
			);
			name = Products;
			sourceTree = "<group>";
		};
		FB30385D2327CEAF002A9E05 /* src */ = {
			isa = PBXGroup;
			children = (
				FB30385E2327CEAF002A9E05 /* AppDelegate.swift */,
				FB3038652327CEAF002A9E05 /* Assets.xcassets */,
				FB3038672327CEAF002A9E05 /* LaunchScreen.storyboard */,
				FB30386A2327CEAF002A9E05 /* Info.plist */,
				FB3038DE2327D0F0002A9E05 /* InfoPlist.strings */,
				FB3038E12327D0FB002A9E05 /* Localizable.strings */,
			);
			path = src;
			sourceTree = "<group>";
		};
/* End PBXGroup section */

/* Begin PBXNativeTarget section */
		FB30385A2327CEAF002A9E05 /* Wallpapers for COC */ = {
			isa = PBXNativeTarget;
			buildConfigurationList = FB30386D2327CEAF002A9E05 /* Build configuration list for PBXNativeTarget "Wallpapers for COC" */;
			buildPhases = (
				067877CD6562F9A8CDA496B6 /* [CP] Check Pods Manifest.lock */,
				FB3038572327CEAF002A9E05 /* Sources */,
				FB3038582327CEAF002A9E05 /* Frameworks */,
				FB3038592327CEAF002A9E05 /* Resources */,
				FB3038732327CEEC002A9E05 /* Embed Frameworks */,
				C5501476D70AB986622BC97E /* [CP] Embed Pods Frameworks */,
			);
			buildRules = (
			);
			dependencies = (
			);
			name = "Wallpapers for COC";
			productName = "Wallpapers for COC";
			productReference = FB30385B2327CEAF002A9E05 /* Wallpapers for COC.app */;
			productType = "com.apple.product-type.application";
		};
/* End PBXNativeTarget section */

/* Begin PBXProject section */
		FB3038532327CEAF002A9E05 /* Project object */ = {
			isa = PBXProject;
			attributes = {
				LastSwiftUpdateCheck = 1030;
				LastUpgradeCheck = 1030;
				ORGANIZATIONNAME = "Atilla Özder";
				TargetAttributes = {
					FB30385A2327CEAF002A9E05 = {
						CreatedOnToolsVersion = 10.3;
					};
				};
			};
			buildConfigurationList = FB3038562327CEAF002A9E05 /* Build configuration list for PBXProject "Wallpapers for COC" */;
			compatibilityVersion = "Xcode 9.3";
			developmentRegion = en;
			hasScannedForEncodings = 0;
			knownRegions = (
				en,
				Base,
				"en-AU",
				"en-GB",
				"en-IN",
				"zh-Hans",
				"zh-Hant",
				ja,
				"zh-HK",
				es,
				"es-419",
				"fr-CA",
				de,
				ru,
				"pt-BR",
				fr,
				"pt-PT",
				it,
				ko,
				nl,
				ar,
				sv,
				tr,
				da,
				vi,
				nb,
				pl,
				el,
				uk,
				sk,
				hi,
				id,
				fi,
				cs,
			);
			mainGroup = FB3038522327CEAF002A9E05;
			productRefGroup = FB30385C2327CEAF002A9E05 /* Products */;
			projectDirPath = "";
			projectRoot = "";
			targets = (
				FB30385A2327CEAF002A9E05 /* Wallpapers for COC */,
			);
		};
/* End PBXProject section */

/* Begin PBXResourcesBuildPhase section */
		FB3038592327CEAF002A9E05 /* Resources */ = {
			isa = PBXResourcesBuildPhase;
			buildActionMask = 2147483647;
			files = (
				FB3038692327CEAF002A9E05 /* LaunchScreen.storyboard in Resources */,
				FB3038E32327D0FB002A9E05 /* Localizable.strings in Resources */,
				FB3038E02327D0F0002A9E05 /* InfoPlist.strings in Resources */,
				FB3038662327CEAF002A9E05 /* Assets.xcassets in Resources */,
			);
			runOnlyForDeploymentPostprocessing = 0;
		};
/* End PBXResourcesBuildPhase section */

/* Begin PBXShellScriptBuildPhase section */
		067877CD6562F9A8CDA496B6 /* [CP] Check Pods Manifest.lock */ = {
			isa = PBXShellScriptBuildPhase;
			buildActionMask = 2147483647;
			files = (
			);
			inputFileListPaths = (
			);
			inputPaths = (
				"${PODS_PODFILE_DIR_PATH}/Podfile.lock",
				"${PODS_ROOT}/Manifest.lock",
			);
			name = "[CP] Check Pods Manifest.lock";
			outputFileListPaths = (
			);
			outputPaths = (
				"$(DERIVED_FILE_DIR)/Pods-Wallpapers for COC-checkManifestLockResult.txt",
			);
			runOnlyForDeploymentPostprocessing = 0;
			shellPath = /bin/sh;
			shellScript = "diff \"${PODS_PODFILE_DIR_PATH}/Podfile.lock\" \"${PODS_ROOT}/Manifest.lock\" > /dev/null\nif [ $? != 0 ] ; then\n    # print error to STDERR\n    echo \"error: The sandbox is not in sync with the Podfile.lock. Run 'pod install' or update your CocoaPods installation.\" >&2\n    exit 1\nfi\n# This output is used by Xcode 'outputs' to avoid re-running this script phase.\necho \"SUCCESS\" > \"${SCRIPT_OUTPUT_FILE_0}\"\n";
			showEnvVarsInLog = 0;
		};
		C5501476D70AB986622BC97E /* [CP] Embed Pods Frameworks */ = {
			isa = PBXShellScriptBuildPhase;
			buildActionMask = 2147483647;
			files = (
			);
			inputFileListPaths = (
				"${PODS_ROOT}/Target Support Files/Pods-Wallpapers for COC/Pods-Wallpapers for COC-frameworks-${CONFIGURATION}-input-files.xcfilelist",
			);
			name = "[CP] Embed Pods Frameworks";
			outputFileListPaths = (
				"${PODS_ROOT}/Target Support Files/Pods-Wallpapers for COC/Pods-Wallpapers for COC-frameworks-${CONFIGURATION}-output-files.xcfilelist",
			);
			runOnlyForDeploymentPostprocessing = 0;
			shellPath = /bin/sh;
			shellScript = "\"${PODS_ROOT}/Target Support Files/Pods-Wallpapers for COC/Pods-Wallpapers for COC-frameworks.sh\"\n";
			showEnvVarsInLog = 0;
		};
/* End PBXShellScriptBuildPhase section */

/* Begin PBXSourcesBuildPhase section */
		FB3038572327CEAF002A9E05 /* Sources */ = {
			isa = PBXSourcesBuildPhase;
			buildActionMask = 2147483647;
			files = (
				FB30385F2327CEAF002A9E05 /* AppDelegate.swift in Sources */,
			);
			runOnlyForDeploymentPostprocessing = 0;
		};
/* End PBXSourcesBuildPhase section */

/* Begin PBXVariantGroup section */
		FB3038672327CEAF002A9E05 /* LaunchScreen.storyboard */ = {
			isa = PBXVariantGroup;
			children = (
				FB3038682327CEAF002A9E05 /* Base */,
				FB3038E42327D104002A9E05 /* en-AU */,
				FB3038E72327D107002A9E05 /* en-GB */,
				FB3038EA2327D10A002A9E05 /* en-IN */,
				FB3038ED2327D10D002A9E05 /* zh-Hans */,
				FB3038F02327D110002A9E05 /* zh-Hant */,
				FB3038F32327D112002A9E05 /* ja */,
				FB3038F62327D114002A9E05 /* zh-HK */,
				FB3038F92327D117002A9E05 /* es */,
				FB3038FC2327D119002A9E05 /* es-419 */,
				FB3038FF2327D11B002A9E05 /* fr-CA */,
				FB3039022327D11E002A9E05 /* de */,
				FB3039052327D120002A9E05 /* ru */,
				FB3039082327D123002A9E05 /* pt-BR */,
				FB30390B2327D126002A9E05 /* fr */,
				FB30390E2327D129002A9E05 /* pt-PT */,
				FB3039112327D12F002A9E05 /* it */,
				FB3039142327D132002A9E05 /* ko */,
				FB3039172327D134002A9E05 /* nl */,
				FB30391A2327D136002A9E05 /* ar */,
				FB30391D2327D139002A9E05 /* sv */,
				FB3039202327D13B002A9E05 /* tr */,
				FB3039232327D13E002A9E05 /* da */,
				FB3039262327D140002A9E05 /* vi */,
				FB3039292327D143002A9E05 /* nb */,
				FB30392C2327D145002A9E05 /* pl */,
				FB30392F2327D14A002A9E05 /* el */,
				FB3039322327D14D002A9E05 /* uk */,
				FB3039352327D14F002A9E05 /* sk */,
				FB3039382327D151002A9E05 /* hi */,
				FB30393B2327D155002A9E05 /* id */,
				FB30393E2327D158002A9E05 /* fi */,
				FB3039412327D15B002A9E05 /* cs */,
			);
			name = LaunchScreen.storyboard;
			sourceTree = "<group>";
		};
		FB3038DE2327D0F0002A9E05 /* InfoPlist.strings */ = {
			isa = PBXVariantGroup;
			children = (
				FB3038DF2327D0F0002A9E05 /* Base */,
				FB3038E52327D104002A9E05 /* en-AU */,
				FB3038E82327D107002A9E05 /* en-GB */,
				FB3038EB2327D10B002A9E05 /* en-IN */,
				FB3038EE2327D10E002A9E05 /* zh-Hans */,
				FB3038F12327D110002A9E05 /* zh-Hant */,
				FB3038F42327D112002A9E05 /* ja */,
				FB3038F72327D114002A9E05 /* zh-HK */,
				FB3038FA2327D117002A9E05 /* es */,
				FB3038FD2327D119002A9E05 /* es-419 */,
				FB3039002327D11B002A9E05 /* fr-CA */,
				FB3039032327D11E002A9E05 /* de */,
				FB3039062327D120002A9E05 /* ru */,
				FB3039092327D123002A9E05 /* pt-BR */,
				FB30390C2327D126002A9E05 /* fr */,
				FB30390F2327D129002A9E05 /* pt-PT */,
				FB3039122327D130002A9E05 /* it */,
				FB3039152327D132002A9E05 /* ko */,
				FB3039182327D134002A9E05 /* nl */,
				FB30391B2327D136002A9E05 /* ar */,
				FB30391E2327D139002A9E05 /* sv */,
				FB3039212327D13B002A9E05 /* tr */,
				FB3039242327D13E002A9E05 /* da */,
				FB3039272327D140002A9E05 /* vi */,
				FB30392A2327D143002A9E05 /* nb */,
				FB30392D2327D146002A9E05 /* pl */,
				FB3039302327D14A002A9E05 /* el */,
				FB3039332327D14D002A9E05 /* uk */,
				FB3039362327D14F002A9E05 /* sk */,
				FB3039392327D151002A9E05 /* hi */,
				FB30393C2327D155002A9E05 /* id */,
				FB30393F2327D158002A9E05 /* fi */,
				FB3039422327D15C002A9E05 /* cs */,
			);
			name = InfoPlist.strings;
			sourceTree = "<group>";
		};
		FB3038E12327D0FB002A9E05 /* Localizable.strings */ = {
			isa = PBXVariantGroup;
			children = (
				FB3038E22327D0FB002A9E05 /* Base */,
				FB3038E62327D104002A9E05 /* en-AU */,
				FB3038E92327D108002A9E05 /* en-GB */,
				FB3038EC2327D10B002A9E05 /* en-IN */,
				FB3038EF2327D10E002A9E05 /* zh-Hans */,
				FB3038F22327D110002A9E05 /* zh-Hant */,
				FB3038F52327D112002A9E05 /* ja */,
				FB3038F82327D114002A9E05 /* zh-HK */,
				FB3038FB2327D117002A9E05 /* es */,
				FB3038FE2327D119002A9E05 /* es-419 */,
				FB3039012327D11B002A9E05 /* fr-CA */,
				FB3039042327D11E002A9E05 /* de */,
				FB3039072327D120002A9E05 /* ru */,
				FB30390A2327D123002A9E05 /* pt-BR */,
				FB30390D2327D126002A9E05 /* fr */,
				FB3039102327D129002A9E05 /* pt-PT */,
				FB3039132327D130002A9E05 /* it */,
				FB3039162327D132002A9E05 /* ko */,
				FB3039192327D134002A9E05 /* nl */,
				FB30391C2327D136002A9E05 /* ar */,
				FB30391F2327D139002A9E05 /* sv */,
				FB3039222327D13B002A9E05 /* tr */,
				FB3039252327D13E002A9E05 /* da */,
				FB3039282327D140002A9E05 /* vi */,
				FB30392B2327D143002A9E05 /* nb */,
				FB30392E2327D146002A9E05 /* pl */,
				FB3039312327D14A002A9E05 /* el */,
				FB3039342327D14D002A9E05 /* uk */,
				FB3039372327D14F002A9E05 /* sk */,
				FB30393A2327D151002A9E05 /* hi */,
				FB30393D2327D155002A9E05 /* id */,
				FB3039402327D158002A9E05 /* fi */,
				FB3039432327D15C002A9E05 /* cs */,
			);
			name = Localizable.strings;
			sourceTree = "<group>";
		};
/* End PBXVariantGroup section */

/* Begin XCBuildConfiguration section */
		FB30386B2327CEAF002A9E05 /* Debug */ = {
			isa = XCBuildConfiguration;
			buildSettings = {
				ALWAYS_SEARCH_USER_PATHS = NO;
				CLANG_ANALYZER_LOCALIZABILITY_NONLOCALIZED = YES;
				CLANG_ANALYZER_NONNULL = YES;
				CLANG_ANALYZER_NUMBER_OBJECT_CONVERSION = YES_AGGRESSIVE;
				CLANG_CXX_LANGUAGE_STANDARD = "gnu++14";
				CLANG_CXX_LIBRARY = "libc++";
				CLANG_ENABLE_MODULES = YES;
				CLANG_ENABLE_OBJC_ARC = YES;
				CLANG_ENABLE_OBJC_WEAK = YES;
				CLANG_WARN_BLOCK_CAPTURE_AUTORELEASING = YES;
				CLANG_WARN_BOOL_CONVERSION = YES;
				CLANG_WARN_COMMA = YES;
				CLANG_WARN_CONSTANT_CONVERSION = YES;
				CLANG_WARN_DEPRECATED_OBJC_IMPLEMENTATIONS = YES;
				CLANG_WARN_DIRECT_OBJC_ISA_USAGE = YES_ERROR;
				CLANG_WARN_DOCUMENTATION_COMMENTS = YES;
				CLANG_WARN_EMPTY_BODY = YES;
				CLANG_WARN_ENUM_CONVERSION = YES;
				CLANG_WARN_INFINITE_RECURSION = YES;
				CLANG_WARN_INT_CONVERSION = YES;
				CLANG_WARN_NON_LITERAL_NULL_CONVERSION = YES;
				CLANG_WARN_OBJC_IMPLICIT_RETAIN_SELF = YES;
				CLANG_WARN_OBJC_LITERAL_CONVERSION = YES;
				CLANG_WARN_OBJC_ROOT_CLASS = YES_ERROR;
				CLANG_WARN_RANGE_LOOP_ANALYSIS = YES;
				CLANG_WARN_STRICT_PROTOTYPES = YES;
				CLANG_WARN_SUSPICIOUS_MOVE = YES;
				CLANG_WARN_UNGUARDED_AVAILABILITY = YES_AGGRESSIVE;
				CLANG_WARN_UNREACHABLE_CODE = YES;
				CLANG_WARN__DUPLICATE_METHOD_MATCH = YES;
				CODE_SIGN_IDENTITY = "iPhone Developer";
				COPY_PHASE_STRIP = NO;
				DEBUG_INFORMATION_FORMAT = dwarf;
				ENABLE_STRICT_OBJC_MSGSEND = YES;
				ENABLE_TESTABILITY = YES;
				GCC_C_LANGUAGE_STANDARD = gnu11;
				GCC_DYNAMIC_NO_PIC = NO;
				GCC_NO_COMMON_BLOCKS = YES;
				GCC_OPTIMIZATION_LEVEL = 0;
				GCC_PREPROCESSOR_DEFINITIONS = (
					"DEBUG=1",
					"$(inherited)",
				);
				GCC_WARN_64_TO_32_BIT_CONVERSION = YES;
				GCC_WARN_ABOUT_RETURN_TYPE = YES_ERROR;
				GCC_WARN_UNDECLARED_SELECTOR = YES;
				GCC_WARN_UNINITIALIZED_AUTOS = YES_AGGRESSIVE;
				GCC_WARN_UNUSED_FUNCTION = YES;
				GCC_WARN_UNUSED_VARIABLE = YES;
				IPHONEOS_DEPLOYMENT_TARGET = 10.0;
				MTL_ENABLE_DEBUG_INFO = INCLUDE_SOURCE;
				MTL_FAST_MATH = YES;
				ONLY_ACTIVE_ARCH = YES;
				SDKROOT = iphoneos;
				SWIFT_ACTIVE_COMPILATION_CONDITIONS = DEBUG;
				SWIFT_OPTIMIZATION_LEVEL = "-Onone";
			};
			name = Debug;
		};
		FB30386C2327CEAF002A9E05 /* Release */ = {
			isa = XCBuildConfiguration;
			buildSettings = {
				ALWAYS_SEARCH_USER_PATHS = NO;
				CLANG_ANALYZER_LOCALIZABILITY_NONLOCALIZED = YES;
				CLANG_ANALYZER_NONNULL = YES;
				CLANG_ANALYZER_NUMBER_OBJECT_CONVERSION = YES_AGGRESSIVE;
				CLANG_CXX_LANGUAGE_STANDARD = "gnu++14";
				CLANG_CXX_LIBRARY = "libc++";
				CLANG_ENABLE_MODULES = YES;
				CLANG_ENABLE_OBJC_ARC = YES;
				CLANG_ENABLE_OBJC_WEAK = YES;
				CLANG_WARN_BLOCK_CAPTURE_AUTORELEASING = YES;
				CLANG_WARN_BOOL_CONVERSION = YES;
				CLANG_WARN_COMMA = YES;
				CLANG_WARN_CONSTANT_CONVERSION = YES;
				CLANG_WARN_DEPRECATED_OBJC_IMPLEMENTATIONS = YES;
				CLANG_WARN_DIRECT_OBJC_ISA_USAGE = YES_ERROR;
				CLANG_WARN_DOCUMENTATION_COMMENTS = YES;
				CLANG_WARN_EMPTY_BODY = YES;
				CLANG_WARN_ENUM_CONVERSION = YES;
				CLANG_WARN_INFINITE_RECURSION = YES;
				CLANG_WARN_INT_CONVERSION = YES;
				CLANG_WARN_NON_LITERAL_NULL_CONVERSION = YES;
				CLANG_WARN_OBJC_IMPLICIT_RETAIN_SELF = YES;
				CLANG_WARN_OBJC_LITERAL_CONVERSION = YES;
				CLANG_WARN_OBJC_ROOT_CLASS = YES_ERROR;
				CLANG_WARN_RANGE_LOOP_ANALYSIS = YES;
				CLANG_WARN_STRICT_PROTOTYPES = YES;
				CLANG_WARN_SUSPICIOUS_MOVE = YES;
				CLANG_WARN_UNGUARDED_AVAILABILITY = YES_AGGRESSIVE;
				CLANG_WARN_UNREACHABLE_CODE = YES;
				CLANG_WARN__DUPLICATE_METHOD_MATCH = YES;
				CODE_SIGN_IDENTITY = "iPhone Developer";
				COPY_PHASE_STRIP = NO;
				DEBUG_INFORMATION_FORMAT = "dwarf-with-dsym";
				ENABLE_NS_ASSERTIONS = NO;
				ENABLE_STRICT_OBJC_MSGSEND = YES;
				GCC_C_LANGUAGE_STANDARD = gnu11;
				GCC_NO_COMMON_BLOCKS = YES;
				GCC_WARN_64_TO_32_BIT_CONVERSION = YES;
				GCC_WARN_ABOUT_RETURN_TYPE = YES_ERROR;
				GCC_WARN_UNDECLARED_SELECTOR = YES;
				GCC_WARN_UNINITIALIZED_AUTOS = YES_AGGRESSIVE;
				GCC_WARN_UNUSED_FUNCTION = YES;
				GCC_WARN_UNUSED_VARIABLE = YES;
				IPHONEOS_DEPLOYMENT_TARGET = 10.0;
				MTL_ENABLE_DEBUG_INFO = NO;
				MTL_FAST_MATH = YES;
				SDKROOT = iphoneos;
				SWIFT_COMPILATION_MODE = wholemodule;
				SWIFT_OPTIMIZATION_LEVEL = "-O";
				VALIDATE_PRODUCT = YES;
			};
			name = Release;
		};
		FB30386E2327CEAF002A9E05 /* Debug */ = {
			isa = XCBuildConfiguration;
			baseConfigurationReference = 7CA4C163F8AB05759F54A0A6 /* Pods-Wallpapers for COC.debug.xcconfig */;
			buildSettings = {
				ASSETCATALOG_COMPILER_APPICON_NAME = AppIcon;
				CODE_SIGN_STYLE = Manual;
				DEVELOPMENT_TEAM = 74NMDHX448;
				INFOPLIST_FILE = "$(SRCROOT)/src/Info.plist";
				IPHONEOS_DEPLOYMENT_TARGET = 10.0;
				LD_RUNPATH_SEARCH_PATHS = (
					"$(inherited)",
					"@executable_path/Frameworks",
				);
				PRODUCT_BUNDLE_IDENTIFIER = com.appraf.coc;
				PRODUCT_NAME = "$(TARGET_NAME)";
				PROVISIONING_PROFILE_SPECIFIER = WallpapersCoCDebugProfile;
				SWIFT_VERSION = 5.0;
				TARGETED_DEVICE_FAMILY = "1,2";
			};
			name = Debug;
		};
		FB30386F2327CEAF002A9E05 /* Release */ = {
			isa = XCBuildConfiguration;
			baseConfigurationReference = 0540949DB1C29E8F7E0D79D1 /* Pods-Wallpapers for COC.release.xcconfig */;
			buildSettings = {
				ASSETCATALOG_COMPILER_APPICON_NAME = AppIcon;
				CODE_SIGN_IDENTITY = "iPhone Distribution";
				CODE_SIGN_STYLE = Manual;
				DEVELOPMENT_TEAM = 74NMDHX448;
				INFOPLIST_FILE = "$(SRCROOT)/src/Info.plist";
				IPHONEOS_DEPLOYMENT_TARGET = 10.0;
				LD_RUNPATH_SEARCH_PATHS = (
					"$(inherited)",
					"@executable_path/Frameworks",
				);
				PRODUCT_BUNDLE_IDENTIFIER = com.appraf.coc;
				PRODUCT_NAME = "$(TARGET_NAME)";
				PROVISIONING_PROFILE_SPECIFIER = WallpapersCoCReleaseProfile;
				SWIFT_VERSION = 5.0;
				TARGETED_DEVICE_FAMILY = "1,2";
			};
			name = Release;
		};
/* End XCBuildConfiguration section */

/* Begin XCConfigurationList section */
		FB3038562327CEAF002A9E05 /* Build configuration list for PBXProject "Wallpapers for COC" */ = {
			isa = XCConfigurationList;
			buildConfigurations = (
				FB30386B2327CEAF002A9E05 /* Debug */,
				FB30386C2327CEAF002A9E05 /* Release */,
			);
			defaultConfigurationIsVisible = 0;
			defaultConfigurationName = Release;
		};
		FB30386D2327CEAF002A9E05 /* Build configuration list for PBXNativeTarget "Wallpapers for COC" */ = {
			isa = XCConfigurationList;
			buildConfigurations = (
				FB30386E2327CEAF002A9E05 /* Debug */,
				FB30386F2327CEAF002A9E05 /* Release */,
			);
			defaultConfigurationIsVisible = 0;
			defaultConfigurationName = Release;
		};
/* End XCConfigurationList section */
	};
	rootObject = FB3038532327CEAF002A9E05 /* Project object */;
}
